<?xml version="1.0" encoding="utf-8"?>
<Project ToolsVersion="15.0" xmlns="http://schemas.microsoft.com/developer/msbuild/2003">
  <ItemGroup>
    <ClCompile Include="C:\msys64\home\Satvik\meta\src\parser\trees\visitors\annotation_remover.cpp">
      <Filter>Source Files</Filter>
    </ClCompile>
    <ClCompile Include="C:\msys64\home\Satvik\meta\src\parser\trees\visitors\binarizer.cpp">
      <Filter>Source Files</Filter>
    </ClCompile>
    <ClCompile Include="C:\msys64\home\Satvik\meta\src\parser\trees\visitors\debinarizer.cpp">
      <Filter>Source Files</Filter>
    </ClCompile>
    <ClCompile Include="C:\msys64\home\Satvik\meta\src\parser\trees\visitors\empty_remover.cpp">
      <Filter>Source Files</Filter>
    </ClCompile>
    <ClCompile Include="C:\msys64\home\Satvik\meta\src\parser\trees\visitors\head_finder.cpp">
      <Filter>Source Files</Filter>
    </ClCompile>
    <ClCompile Include="C:\msys64\home\Satvik\meta\src\parser\trees\visitors\leaf_node_finder.cpp">
      <Filter>Source Files</Filter>
    </ClCompile>
    <ClCompile Include="C:\msys64\home\Satvik\meta\src\parser\trees\visitors\unary_chain_remover.cpp">
      <Filter>Source Files</Filter>
    </ClCompile>
  </ItemGroup>
  <ItemGroup>
    <CustomBuild Include="C:\msys64\home\Satvik\meta\src\parser\trees\visitors\CMakeLists.txt" />
  </ItemGroup>
  <ItemGroup>
    <Filter Include="Source Files">
      <UniqueIdentifier>{BB4736CD-CD77-36AA-BE73-EE84E7EE7C21}</UniqueIdentifier>
    </Filter>
  </ItemGroup>
</Project>
