<?xml version="1.0" encoding="utf-8"?>
<Project ToolsVersion="15.0" xmlns="http://schemas.microsoft.com/developer/msbuild/2003">
  <ItemGroup>
    <ClCompile Include="C:\msys64\home\Satvik\meta\src\parser\analyzers\featurizers\branch_featurizer.cpp">
      <Filter>Source Files</Filter>
    </ClCompile>
    <ClCompile Include="C:\msys64\home\Satvik\meta\src\parser\analyzers\featurizers\depth_featurizer.cpp">
      <Filter>Source Files</Filter>
    </ClCompile>
    <ClCompile Include="C:\msys64\home\Satvik\meta\src\parser\analyzers\featurizers\featurizer_factory.cpp">
      <Filter>Source Files</Filter>
    </ClCompile>
    <ClCompile Include="C:\msys64\home\Satvik\meta\src\parser\analyzers\featurizers\semi_skeleton_featurizer.cpp">
      <Filter>Source Files</Filter>
    </ClCompile>
    <ClCompile Include="C:\msys64\home\Satvik\meta\src\parser\analyzers\featurizers\skeleton_featurizer.cpp">
      <Filter>Source Files</Filter>
    </ClCompile>
    <ClCompile Include="C:\msys64\home\Satvik\meta\src\parser\analyzers\featurizers\subtree_featurizer.cpp">
      <Filter>Source Files</Filter>
    </ClCompile>
    <ClCompile Include="C:\msys64\home\Satvik\meta\src\parser\analyzers\featurizers\tag_featurizer.cpp">
      <Filter>Source Files</Filter>
    </ClCompile>
  </ItemGroup>
  <ItemGroup>
    <CustomBuild Include="C:\msys64\home\Satvik\meta\src\parser\analyzers\featurizers\CMakeLists.txt" />
  </ItemGroup>
  <ItemGroup>
    <Filter Include="Source Files">
      <UniqueIdentifier>{BB4736CD-CD77-36AA-BE73-EE84E7EE7C21}</UniqueIdentifier>
    </Filter>
  </ItemGroup>
</Project>
