Microsoft Visual Studio Solution File, Format Version 12.00
# Visual Studio 15
Project("{8BC9CEB8-8B4A-11D0-8D11-00A0C91BC942}") = "ALL_BUILD", "ALL_BUILD.vcxproj", "{50328EBB-47B4-3C5C-A628-1F5C2C59383A}"
	ProjectSection(ProjectDependencies) = postProject
		{C290A582-B682-31C5-83CA-596347701D17} = {C290A582-B682-31C5-83CA-596347701D17}
		{6A14D6EB-1E91-3589-84D2-BBA4E3ECF28D} = {6A14D6EB-1E91-3589-84D2-BBA4E3ECF28D}
	EndProjectSection
EndProject
Project("{8BC9CEB8-8B4A-11D0-8D11-00A0C91BC942}") = "INSTALL", "INSTALL.vcxproj", "{BA64347F-FFC8-3D45-A872-374CA0DCB7D6}"
	ProjectSection(ProjectDependencies) = postProject
		{50328EBB-47B4-3C5C-A628-1F5C2C59383A} = {50328EBB-47B4-3C5C-A628-1F5C2C59383A}
		{C290A582-B682-31C5-83CA-596347701D17} = {C290A582-B682-31C5-83CA-596347701D17}
	EndProjectSection
EndProject
Project("{8BC9CEB8-8B4A-11D0-8D11-00A0C91BC942}") = "ZERO_CHECK", "..\..\..\\ZERO_CHECK.vcxproj", "{C290A582-B682-31C5-83CA-596347701D17}"
	ProjectSection(ProjectDependencies) = postProject
	EndProjectSection
EndProject
Project("{8BC9CEB8-8B4A-11D0-8D11-00A0C91BC942}") = "meta-parser-io", "meta-parser-io.vcxproj", "{6A14D6EB-1E91-3589-84D2-BBA4E3ECF28D}"
	ProjectSection(ProjectDependencies) = postProject
		{C290A582-B682-31C5-83CA-596347701D17} = {C290A582-B682-31C5-83CA-596347701D17}
		{8395C99D-60B4-36DF-B4C4-B7B4389F3C0D} = {8395C99D-60B4-36DF-B4C4-B7B4389F3C0D}
	EndProjectSection
EndProject
Project("{8BC9CEB8-8B4A-11D0-8D11-00A0C91BC942}") = "meta-parser-trees", "..\trees\meta-parser-trees.vcxproj", "{8395C99D-60B4-36DF-B4C4-B7B4389F3C0D}"
	ProjectSection(ProjectDependencies) = postProject
		{C290A582-B682-31C5-83CA-596347701D17} = {C290A582-B682-31C5-83CA-596347701D17}
	EndProjectSection
EndProject
Global
	GlobalSection(SolutionConfigurationPlatforms) = preSolution
		Debug|Win32 = Debug|Win32
		Release|Win32 = Release|Win32
		MinSizeRel|Win32 = MinSizeRel|Win32
		RelWithDebInfo|Win32 = RelWithDebInfo|Win32
	EndGlobalSection
	GlobalSection(ProjectConfigurationPlatforms) = postSolution
		{50328EBB-47B4-3C5C-A628-1F5C2C59383A}.Debug|Win32.ActiveCfg = Debug|Win32
		{50328EBB-47B4-3C5C-A628-1F5C2C59383A}.Debug|Win32.Build.0 = Debug|Win32
		{50328EBB-47B4-3C5C-A628-1F5C2C59383A}.Release|Win32.ActiveCfg = Release|Win32
		{50328EBB-47B4-3C5C-A628-1F5C2C59383A}.Release|Win32.Build.0 = Release|Win32
		{50328EBB-47B4-3C5C-A628-1F5C2C59383A}.MinSizeRel|Win32.ActiveCfg = MinSizeRel|Win32
		{50328EBB-47B4-3C5C-A628-1F5C2C59383A}.MinSizeRel|Win32.Build.0 = MinSizeRel|Win32
		{50328EBB-47B4-3C5C-A628-1F5C2C59383A}.RelWithDebInfo|Win32.ActiveCfg = RelWithDebInfo|Win32
		{50328EBB-47B4-3C5C-A628-1F5C2C59383A}.RelWithDebInfo|Win32.Build.0 = RelWithDebInfo|Win32
		{BA64347F-FFC8-3D45-A872-374CA0DCB7D6}.Debug|Win32.ActiveCfg = Debug|Win32
		{BA64347F-FFC8-3D45-A872-374CA0DCB7D6}.Release|Win32.ActiveCfg = Release|Win32
		{BA64347F-FFC8-3D45-A872-374CA0DCB7D6}.MinSizeRel|Win32.ActiveCfg = MinSizeRel|Win32
		{BA64347F-FFC8-3D45-A872-374CA0DCB7D6}.RelWithDebInfo|Win32.ActiveCfg = RelWithDebInfo|Win32
		{C290A582-B682-31C5-83CA-596347701D17}.Debug|Win32.ActiveCfg = Debug|Win32
		{C290A582-B682-31C5-83CA-596347701D17}.Debug|Win32.Build.0 = Debug|Win32
		{C290A582-B682-31C5-83CA-596347701D17}.Release|Win32.ActiveCfg = Release|Win32
		{C290A582-B682-31C5-83CA-596347701D17}.Release|Win32.Build.0 = Release|Win32
		{C290A582-B682-31C5-83CA-596347701D17}.MinSizeRel|Win32.ActiveCfg = MinSizeRel|Win32
		{C290A582-B682-31C5-83CA-596347701D17}.MinSizeRel|Win32.Build.0 = MinSizeRel|Win32
		{C290A582-B682-31C5-83CA-596347701D17}.RelWithDebInfo|Win32.ActiveCfg = RelWithDebInfo|Win32
		{C290A582-B682-31C5-83CA-596347701D17}.RelWithDebInfo|Win32.Build.0 = RelWithDebInfo|Win32
		{6A14D6EB-1E91-3589-84D2-BBA4E3ECF28D}.Debug|Win32.ActiveCfg = Debug|Win32
		{6A14D6EB-1E91-3589-84D2-BBA4E3ECF28D}.Debug|Win32.Build.0 = Debug|Win32
		{6A14D6EB-1E91-3589-84D2-BBA4E3ECF28D}.Release|Win32.ActiveCfg = Release|Win32
		{6A14D6EB-1E91-3589-84D2-BBA4E3ECF28D}.Release|Win32.Build.0 = Release|Win32
		{6A14D6EB-1E91-3589-84D2-BBA4E3ECF28D}.MinSizeRel|Win32.ActiveCfg = MinSizeRel|Win32
		{6A14D6EB-1E91-3589-84D2-BBA4E3ECF28D}.MinSizeRel|Win32.Build.0 = MinSizeRel|Win32
		{6A14D6EB-1E91-3589-84D2-BBA4E3ECF28D}.RelWithDebInfo|Win32.ActiveCfg = RelWithDebInfo|Win32
		{6A14D6EB-1E91-3589-84D2-BBA4E3ECF28D}.RelWithDebInfo|Win32.Build.0 = RelWithDebInfo|Win32
		{8395C99D-60B4-36DF-B4C4-B7B4389F3C0D}.Debug|Win32.ActiveCfg = Debug|Win32
		{8395C99D-60B4-36DF-B4C4-B7B4389F3C0D}.Debug|Win32.Build.0 = Debug|Win32
		{8395C99D-60B4-36DF-B4C4-B7B4389F3C0D}.Release|Win32.ActiveCfg = Release|Win32
		{8395C99D-60B4-36DF-B4C4-B7B4389F3C0D}.Release|Win32.Build.0 = Release|Win32
		{8395C99D-60B4-36DF-B4C4-B7B4389F3C0D}.MinSizeRel|Win32.ActiveCfg = MinSizeRel|Win32
		{8395C99D-60B4-36DF-B4C4-B7B4389F3C0D}.MinSizeRel|Win32.Build.0 = MinSizeRel|Win32
		{8395C99D-60B4-36DF-B4C4-B7B4389F3C0D}.RelWithDebInfo|Win32.ActiveCfg = RelWithDebInfo|Win32
		{8395C99D-60B4-36DF-B4C4-B7B4389F3C0D}.RelWithDebInfo|Win32.Build.0 = RelWithDebInfo|Win32
	EndGlobalSection
	GlobalSection(ExtensibilityGlobals) = postSolution
		SolutionGuid = {5492BB2F-B5A1-3B6F-8875-60E8540DB1AB}
	EndGlobalSection
	GlobalSection(ExtensibilityAddIns) = postSolution
	EndGlobalSection
EndGlobal
