Microsoft Visual Studio Solution File, Format Version 12.00
# Visual Studio 15
Project("{8BC9CEB8-8B4A-11D0-8D11-00A0C91BC942}") = "ALL_BUILD", "ALL_BUILD.vcxproj", "{50328EBB-47B4-3C5C-A628-1F5C2C59383A}"
	ProjectSection(ProjectDependencies) = postProject
		{C290A582-B682-31C5-83CA-596347701D17} = {C290A582-B682-31C5-83CA-596347701D17}
		{FDD0C1DF-8E21-3555-83C6-28AE5B5C7305} = {FDD0C1DF-8E21-3555-83C6-28AE5B5C7305}
		{4C9862A0-F887-3483-949D-3994F0E3F297} = {4C9862A0-F887-3483-949D-3994F0E3F297}
	EndProjectSection
EndProject
Project("{8BC9CEB8-8B4A-11D0-8D11-00A0C91BC942}") = "INSTALL", "INSTALL.vcxproj", "{BA64347F-FFC8-3D45-A872-374CA0DCB7D6}"
	ProjectSection(ProjectDependencies) = postProject
		{50328EBB-47B4-3C5C-A628-1F5C2C59383A} = {50328EBB-47B4-3C5C-A628-1F5C2C59383A}
		{C290A582-B682-31C5-83CA-596347701D17} = {C290A582-B682-31C5-83CA-596347701D17}
	EndProjectSection
EndProject
Project("{8BC9CEB8-8B4A-11D0-8D11-00A0C91BC942}") = "ZERO_CHECK", "..\..\..\\ZERO_CHECK.vcxproj", "{C290A582-B682-31C5-83CA-596347701D17}"
	ProjectSection(ProjectDependencies) = postProject
	EndProjectSection
EndProject
Project("{8BC9CEB8-8B4A-11D0-8D11-00A0C91BC942}") = "meta-analyzers", "..\..\analyzers\meta-analyzers.vcxproj", "{87ED0C5E-434A-3C25-AA9F-F2DF4F3B1FDD}"
	ProjectSection(ProjectDependencies) = postProject
		{C290A582-B682-31C5-83CA-596347701D17} = {C290A582-B682-31C5-83CA-596347701D17}
		{A43887C3-7DB4-3D37-80F6-4EF66C740425} = {A43887C3-7DB4-3D37-80F6-4EF66C740425}
		{930B4FF1-A8B3-3964-86DF-E312C29B16B8} = {930B4FF1-A8B3-3964-86DF-E312C29B16B8}
		{ABC2A693-9F2B-3A5E-863B-8FBE846BFD30} = {ABC2A693-9F2B-3A5E-863B-8FBE846BFD30}
		{E6D2E110-8442-3574-A5EB-E51B61ABB83C} = {E6D2E110-8442-3574-A5EB-E51B61ABB83C}
		{4027FE77-F4D7-3032-B081-38DE39C4198E} = {4027FE77-F4D7-3032-B081-38DE39C4198E}
		{4C215D49-EF20-3B8C-A94A-E6C991932667} = {4C215D49-EF20-3B8C-A94A-E6C991932667}
		{131EEA39-311C-39A3-AD91-37369DFF6F2E} = {131EEA39-311C-39A3-AD91-37369DFF6F2E}
	EndProjectSection
EndProject
Project("{8BC9CEB8-8B4A-11D0-8D11-00A0C91BC942}") = "meta-corpus", "..\..\corpus\meta-corpus.vcxproj", "{A43887C3-7DB4-3D37-80F6-4EF66C740425}"
	ProjectSection(ProjectDependencies) = postProject
		{C290A582-B682-31C5-83CA-596347701D17} = {C290A582-B682-31C5-83CA-596347701D17}
		{ABC2A693-9F2B-3A5E-863B-8FBE846BFD30} = {ABC2A693-9F2B-3A5E-863B-8FBE846BFD30}
		{E6D2E110-8442-3574-A5EB-E51B61ABB83C} = {E6D2E110-8442-3574-A5EB-E51B61ABB83C}
		{4C215D49-EF20-3B8C-A94A-E6C991932667} = {4C215D49-EF20-3B8C-A94A-E6C991932667}
		{131EEA39-311C-39A3-AD91-37369DFF6F2E} = {131EEA39-311C-39A3-AD91-37369DFF6F2E}
	EndProjectSection
EndProject
Project("{8BC9CEB8-8B4A-11D0-8D11-00A0C91BC942}") = "meta-filters", "..\..\analyzers\filters\meta-filters.vcxproj", "{930B4FF1-A8B3-3964-86DF-E312C29B16B8}"
	ProjectSection(ProjectDependencies) = postProject
		{C290A582-B682-31C5-83CA-596347701D17} = {C290A582-B682-31C5-83CA-596347701D17}
		{ABC2A693-9F2B-3A5E-863B-8FBE846BFD30} = {ABC2A693-9F2B-3A5E-863B-8FBE846BFD30}
		{E6D2E110-8442-3574-A5EB-E51B61ABB83C} = {E6D2E110-8442-3574-A5EB-E51B61ABB83C}
		{4027FE77-F4D7-3032-B081-38DE39C4198E} = {4027FE77-F4D7-3032-B081-38DE39C4198E}
		{4C215D49-EF20-3B8C-A94A-E6C991932667} = {4C215D49-EF20-3B8C-A94A-E6C991932667}
		{131EEA39-311C-39A3-AD91-37369DFF6F2E} = {131EEA39-311C-39A3-AD91-37369DFF6F2E}
	EndProjectSection
EndProject
Project("{8BC9CEB8-8B4A-11D0-8D11-00A0C91BC942}") = "meta-greedy-tagger", "..\..\sequence\meta-greedy-tagger.vcxproj", "{1AADB125-3E4D-3E45-A489-2C1EA0B36363}"
	ProjectSection(ProjectDependencies) = postProject
		{C290A582-B682-31C5-83CA-596347701D17} = {C290A582-B682-31C5-83CA-596347701D17}
		{ABC2A693-9F2B-3A5E-863B-8FBE846BFD30} = {ABC2A693-9F2B-3A5E-863B-8FBE846BFD30}
		{E6D2E110-8442-3574-A5EB-E51B61ABB83C} = {E6D2E110-8442-3574-A5EB-E51B61ABB83C}
		{289FF76C-6323-3618-A824-607BA070BCFB} = {289FF76C-6323-3618-A824-607BA070BCFB}
		{4C215D49-EF20-3B8C-A94A-E6C991932667} = {4C215D49-EF20-3B8C-A94A-E6C991932667}
		{131EEA39-311C-39A3-AD91-37369DFF6F2E} = {131EEA39-311C-39A3-AD91-37369DFF6F2E}
	EndProjectSection
EndProject
Project("{8BC9CEB8-8B4A-11D0-8D11-00A0C91BC942}") = "meta-io", "..\..\io\meta-io.vcxproj", "{ABC2A693-9F2B-3A5E-863B-8FBE846BFD30}"
	ProjectSection(ProjectDependencies) = postProject
		{C290A582-B682-31C5-83CA-596347701D17} = {C290A582-B682-31C5-83CA-596347701D17}
		{E6D2E110-8442-3574-A5EB-E51B61ABB83C} = {E6D2E110-8442-3574-A5EB-E51B61ABB83C}
		{131EEA39-311C-39A3-AD91-37369DFF6F2E} = {131EEA39-311C-39A3-AD91-37369DFF6F2E}
	EndProjectSection
EndProject
Project("{8BC9CEB8-8B4A-11D0-8D11-00A0C91BC942}") = "meta-mman-win32", "..\..\io\mman-win32\meta-mman-win32.vcxproj", "{E6D2E110-8442-3574-A5EB-E51B61ABB83C}"
	ProjectSection(ProjectDependencies) = postProject
		{C290A582-B682-31C5-83CA-596347701D17} = {C290A582-B682-31C5-83CA-596347701D17}
	EndProjectSection
EndProject
Project("{8BC9CEB8-8B4A-11D0-8D11-00A0C91BC942}") = "meta-parser", "..\\meta-parser.vcxproj", "{939027B8-90DB-33C2-AB2C-A72FA37E9748}"
	ProjectSection(ProjectDependencies) = postProject
		{C290A582-B682-31C5-83CA-596347701D17} = {C290A582-B682-31C5-83CA-596347701D17}
		{ABC2A693-9F2B-3A5E-863B-8FBE846BFD30} = {ABC2A693-9F2B-3A5E-863B-8FBE846BFD30}
		{E6D2E110-8442-3574-A5EB-E51B61ABB83C} = {E6D2E110-8442-3574-A5EB-E51B61ABB83C}
		{6A14D6EB-1E91-3589-84D2-BBA4E3ECF28D} = {6A14D6EB-1E91-3589-84D2-BBA4E3ECF28D}
		{8395C99D-60B4-36DF-B4C4-B7B4389F3C0D} = {8395C99D-60B4-36DF-B4C4-B7B4389F3C0D}
		{289FF76C-6323-3618-A824-607BA070BCFB} = {289FF76C-6323-3618-A824-607BA070BCFB}
		{EB116F6D-7A78-34FB-AD6E-565EA8903CE9} = {EB116F6D-7A78-34FB-AD6E-565EA8903CE9}
		{4C215D49-EF20-3B8C-A94A-E6C991932667} = {4C215D49-EF20-3B8C-A94A-E6C991932667}
		{131EEA39-311C-39A3-AD91-37369DFF6F2E} = {131EEA39-311C-39A3-AD91-37369DFF6F2E}
	EndProjectSection
EndProject
Project("{8BC9CEB8-8B4A-11D0-8D11-00A0C91BC942}") = "meta-parser-analyzers", "meta-parser-analyzers.vcxproj", "{FDD0C1DF-8E21-3555-83C6-28AE5B5C7305}"
	ProjectSection(ProjectDependencies) = postProject
		{C290A582-B682-31C5-83CA-596347701D17} = {C290A582-B682-31C5-83CA-596347701D17}
		{87ED0C5E-434A-3C25-AA9F-F2DF4F3B1FDD} = {87ED0C5E-434A-3C25-AA9F-F2DF4F3B1FDD}
		{A43887C3-7DB4-3D37-80F6-4EF66C740425} = {A43887C3-7DB4-3D37-80F6-4EF66C740425}
		{930B4FF1-A8B3-3964-86DF-E312C29B16B8} = {930B4FF1-A8B3-3964-86DF-E312C29B16B8}
		{1AADB125-3E4D-3E45-A489-2C1EA0B36363} = {1AADB125-3E4D-3E45-A489-2C1EA0B36363}
		{ABC2A693-9F2B-3A5E-863B-8FBE846BFD30} = {ABC2A693-9F2B-3A5E-863B-8FBE846BFD30}
		{E6D2E110-8442-3574-A5EB-E51B61ABB83C} = {E6D2E110-8442-3574-A5EB-E51B61ABB83C}
		{939027B8-90DB-33C2-AB2C-A72FA37E9748} = {939027B8-90DB-33C2-AB2C-A72FA37E9748}
		{4C9862A0-F887-3483-949D-3994F0E3F297} = {4C9862A0-F887-3483-949D-3994F0E3F297}
		{6A14D6EB-1E91-3589-84D2-BBA4E3ECF28D} = {6A14D6EB-1E91-3589-84D2-BBA4E3ECF28D}
		{8395C99D-60B4-36DF-B4C4-B7B4389F3C0D} = {8395C99D-60B4-36DF-B4C4-B7B4389F3C0D}
		{289FF76C-6323-3618-A824-607BA070BCFB} = {289FF76C-6323-3618-A824-607BA070BCFB}
		{4027FE77-F4D7-3032-B081-38DE39C4198E} = {4027FE77-F4D7-3032-B081-38DE39C4198E}
		{EB116F6D-7A78-34FB-AD6E-565EA8903CE9} = {EB116F6D-7A78-34FB-AD6E-565EA8903CE9}
		{4C215D49-EF20-3B8C-A94A-E6C991932667} = {4C215D49-EF20-3B8C-A94A-E6C991932667}
		{131EEA39-311C-39A3-AD91-37369DFF6F2E} = {131EEA39-311C-39A3-AD91-37369DFF6F2E}
	EndProjectSection
EndProject
Project("{8BC9CEB8-8B4A-11D0-8D11-00A0C91BC942}") = "meta-parser-featurizers", "featurizers\meta-parser-featurizers.vcxproj", "{4C9862A0-F887-3483-949D-3994F0E3F297}"
	ProjectSection(ProjectDependencies) = postProject
		{C290A582-B682-31C5-83CA-596347701D17} = {C290A582-B682-31C5-83CA-596347701D17}
		{A43887C3-7DB4-3D37-80F6-4EF66C740425} = {A43887C3-7DB4-3D37-80F6-4EF66C740425}
		{ABC2A693-9F2B-3A5E-863B-8FBE846BFD30} = {ABC2A693-9F2B-3A5E-863B-8FBE846BFD30}
		{E6D2E110-8442-3574-A5EB-E51B61ABB83C} = {E6D2E110-8442-3574-A5EB-E51B61ABB83C}
		{8395C99D-60B4-36DF-B4C4-B7B4389F3C0D} = {8395C99D-60B4-36DF-B4C4-B7B4389F3C0D}
		{4C215D49-EF20-3B8C-A94A-E6C991932667} = {4C215D49-EF20-3B8C-A94A-E6C991932667}
		{131EEA39-311C-39A3-AD91-37369DFF6F2E} = {131EEA39-311C-39A3-AD91-37369DFF6F2E}
	EndProjectSection
EndProject
Project("{8BC9CEB8-8B4A-11D0-8D11-00A0C91BC942}") = "meta-parser-io", "..\io\meta-parser-io.vcxproj", "{6A14D6EB-1E91-3589-84D2-BBA4E3ECF28D}"
	ProjectSection(ProjectDependencies) = postProject
		{C290A582-B682-31C5-83CA-596347701D17} = {C290A582-B682-31C5-83CA-596347701D17}
		{8395C99D-60B4-36DF-B4C4-B7B4389F3C0D} = {8395C99D-60B4-36DF-B4C4-B7B4389F3C0D}
	EndProjectSection
EndProject
Project("{8BC9CEB8-8B4A-11D0-8D11-00A0C91BC942}") = "meta-parser-trees", "..\trees\meta-parser-trees.vcxproj", "{8395C99D-60B4-36DF-B4C4-B7B4389F3C0D}"
	ProjectSection(ProjectDependencies) = postProject
		{C290A582-B682-31C5-83CA-596347701D17} = {C290A582-B682-31C5-83CA-596347701D17}
	EndProjectSection
EndProject
Project("{8BC9CEB8-8B4A-11D0-8D11-00A0C91BC942}") = "meta-sequence", "..\..\sequence\meta-sequence.vcxproj", "{289FF76C-6323-3618-A824-607BA070BCFB}"
	ProjectSection(ProjectDependencies) = postProject
		{C290A582-B682-31C5-83CA-596347701D17} = {C290A582-B682-31C5-83CA-596347701D17}
		{ABC2A693-9F2B-3A5E-863B-8FBE846BFD30} = {ABC2A693-9F2B-3A5E-863B-8FBE846BFD30}
		{E6D2E110-8442-3574-A5EB-E51B61ABB83C} = {E6D2E110-8442-3574-A5EB-E51B61ABB83C}
		{4C215D49-EF20-3B8C-A94A-E6C991932667} = {4C215D49-EF20-3B8C-A94A-E6C991932667}
		{131EEA39-311C-39A3-AD91-37369DFF6F2E} = {131EEA39-311C-39A3-AD91-37369DFF6F2E}
	EndProjectSection
EndProject
Project("{8BC9CEB8-8B4A-11D0-8D11-00A0C91BC942}") = "meta-tokenizers", "..\..\analyzers\tokenizers\meta-tokenizers.vcxproj", "{4027FE77-F4D7-3032-B081-38DE39C4198E}"
	ProjectSection(ProjectDependencies) = postProject
		{C290A582-B682-31C5-83CA-596347701D17} = {C290A582-B682-31C5-83CA-596347701D17}
		{4C215D49-EF20-3B8C-A94A-E6C991932667} = {4C215D49-EF20-3B8C-A94A-E6C991932667}
	EndProjectSection
EndProject
Project("{8BC9CEB8-8B4A-11D0-8D11-00A0C91BC942}") = "meta-tree-visitors", "..\trees\visitors\meta-tree-visitors.vcxproj", "{EB116F6D-7A78-34FB-AD6E-565EA8903CE9}"
	ProjectSection(ProjectDependencies) = postProject
		{C290A582-B682-31C5-83CA-596347701D17} = {C290A582-B682-31C5-83CA-596347701D17}
		{8395C99D-60B4-36DF-B4C4-B7B4389F3C0D} = {8395C99D-60B4-36DF-B4C4-B7B4389F3C0D}
	EndProjectSection
EndProject
Project("{8BC9CEB8-8B4A-11D0-8D11-00A0C91BC942}") = "meta-utf", "..\..\utf\meta-utf.vcxproj", "{4C215D49-EF20-3B8C-A94A-E6C991932667}"
	ProjectSection(ProjectDependencies) = postProject
		{C290A582-B682-31C5-83CA-596347701D17} = {C290A582-B682-31C5-83CA-596347701D17}
	EndProjectSection
EndProject
Project("{8BC9CEB8-8B4A-11D0-8D11-00A0C91BC942}") = "meta-util", "..\..\util\meta-util.vcxproj", "{131EEA39-311C-39A3-AD91-37369DFF6F2E}"
	ProjectSection(ProjectDependencies) = postProject
		{C290A582-B682-31C5-83CA-596347701D17} = {C290A582-B682-31C5-83CA-596347701D17}
	EndProjectSection
EndProject
Global
	GlobalSection(SolutionConfigurationPlatforms) = preSolution
		Debug|Win32 = Debug|Win32
		Release|Win32 = Release|Win32
		MinSizeRel|Win32 = MinSizeRel|Win32
		RelWithDebInfo|Win32 = RelWithDebInfo|Win32
	EndGlobalSection
	GlobalSection(ProjectConfigurationPlatforms) = postSolution
		{50328EBB-47B4-3C5C-A628-1F5C2C59383A}.Debug|Win32.ActiveCfg = Debug|Win32
		{50328EBB-47B4-3C5C-A628-1F5C2C59383A}.Debug|Win32.Build.0 = Debug|Win32
		{50328EBB-47B4-3C5C-A628-1F5C2C59383A}.Release|Win32.ActiveCfg = Release|Win32
		{50328EBB-47B4-3C5C-A628-1F5C2C59383A}.Release|Win32.Build.0 = Release|Win32
		{50328EBB-47B4-3C5C-A628-1F5C2C59383A}.MinSizeRel|Win32.ActiveCfg = MinSizeRel|Win32
		{50328EBB-47B4-3C5C-A628-1F5C2C59383A}.MinSizeRel|Win32.Build.0 = MinSizeRel|Win32
		{50328EBB-47B4-3C5C-A628-1F5C2C59383A}.RelWithDebInfo|Win32.ActiveCfg = RelWithDebInfo|Win32
		{50328EBB-47B4-3C5C-A628-1F5C2C59383A}.RelWithDebInfo|Win32.Build.0 = RelWithDebInfo|Win32
		{BA64347F-FFC8-3D45-A872-374CA0DCB7D6}.Debug|Win32.ActiveCfg = Debug|Win32
		{BA64347F-FFC8-3D45-A872-374CA0DCB7D6}.Release|Win32.ActiveCfg = Release|Win32
		{BA64347F-FFC8-3D45-A872-374CA0DCB7D6}.MinSizeRel|Win32.ActiveCfg = MinSizeRel|Win32
		{BA64347F-FFC8-3D45-A872-374CA0DCB7D6}.RelWithDebInfo|Win32.ActiveCfg = RelWithDebInfo|Win32
		{C290A582-B682-31C5-83CA-596347701D17}.Debug|Win32.ActiveCfg = Debug|Win32
		{C290A582-B682-31C5-83CA-596347701D17}.Debug|Win32.Build.0 = Debug|Win32
		{C290A582-B682-31C5-83CA-596347701D17}.Release|Win32.ActiveCfg = Release|Win32
		{C290A582-B682-31C5-83CA-596347701D17}.Release|Win32.Build.0 = Release|Win32
		{C290A582-B682-31C5-83CA-596347701D17}.MinSizeRel|Win32.ActiveCfg = MinSizeRel|Win32
		{C290A582-B682-31C5-83CA-596347701D17}.MinSizeRel|Win32.Build.0 = MinSizeRel|Win32
		{C290A582-B682-31C5-83CA-596347701D17}.RelWithDebInfo|Win32.ActiveCfg = RelWithDebInfo|Win32
		{C290A582-B682-31C5-83CA-596347701D17}.RelWithDebInfo|Win32.Build.0 = RelWithDebInfo|Win32
		{87ED0C5E-434A-3C25-AA9F-F2DF4F3B1FDD}.Debug|Win32.ActiveCfg = Debug|Win32
		{87ED0C5E-434A-3C25-AA9F-F2DF4F3B1FDD}.Debug|Win32.Build.0 = Debug|Win32
		{87ED0C5E-434A-3C25-AA9F-F2DF4F3B1FDD}.Release|Win32.ActiveCfg = Release|Win32
		{87ED0C5E-434A-3C25-AA9F-F2DF4F3B1FDD}.Release|Win32.Build.0 = Release|Win32
		{87ED0C5E-434A-3C25-AA9F-F2DF4F3B1FDD}.MinSizeRel|Win32.ActiveCfg = MinSizeRel|Win32
		{87ED0C5E-434A-3C25-AA9F-F2DF4F3B1FDD}.MinSizeRel|Win32.Build.0 = MinSizeRel|Win32
		{87ED0C5E-434A-3C25-AA9F-F2DF4F3B1FDD}.RelWithDebInfo|Win32.ActiveCfg = RelWithDebInfo|Win32
		{87ED0C5E-434A-3C25-AA9F-F2DF4F3B1FDD}.RelWithDebInfo|Win32.Build.0 = RelWithDebInfo|Win32
		{A43887C3-7DB4-3D37-80F6-4EF66C740425}.Debug|Win32.ActiveCfg = Debug|Win32
		{A43887C3-7DB4-3D37-80F6-4EF66C740425}.Debug|Win32.Build.0 = Debug|Win32
		{A43887C3-7DB4-3D37-80F6-4EF66C740425}.Release|Win32.ActiveCfg = Release|Win32
		{A43887C3-7DB4-3D37-80F6-4EF66C740425}.Release|Win32.Build.0 = Release|Win32
		{A43887C3-7DB4-3D37-80F6-4EF66C740425}.MinSizeRel|Win32.ActiveCfg = MinSizeRel|Win32
		{A43887C3-7DB4-3D37-80F6-4EF66C740425}.MinSizeRel|Win32.Build.0 = MinSizeRel|Win32
		{A43887C3-7DB4-3D37-80F6-4EF66C740425}.RelWithDebInfo|Win32.ActiveCfg = RelWithDebInfo|Win32
		{A43887C3-7DB4-3D37-80F6-4EF66C740425}.RelWithDebInfo|Win32.Build.0 = RelWithDebInfo|Win32
		{930B4FF1-A8B3-3964-86DF-E312C29B16B8}.Debug|Win32.ActiveCfg = Debug|Win32
		{930B4FF1-A8B3-3964-86DF-E312C29B16B8}.Debug|Win32.Build.0 = Debug|Win32
		{930B4FF1-A8B3-3964-86DF-E312C29B16B8}.Release|Win32.ActiveCfg = Release|Win32
		{930B4FF1-A8B3-3964-86DF-E312C29B16B8}.Release|Win32.Build.0 = Release|Win32
		{930B4FF1-A8B3-3964-86DF-E312C29B16B8}.MinSizeRel|Win32.ActiveCfg = MinSizeRel|Win32
		{930B4FF1-A8B3-3964-86DF-E312C29B16B8}.MinSizeRel|Win32.Build.0 = MinSizeRel|Win32
		{930B4FF1-A8B3-3964-86DF-E312C29B16B8}.RelWithDebInfo|Win32.ActiveCfg = RelWithDebInfo|Win32
		{930B4FF1-A8B3-3964-86DF-E312C29B16B8}.RelWithDebInfo|Win32.Build.0 = RelWithDebInfo|Win32
		{1AADB125-3E4D-3E45-A489-2C1EA0B36363}.Debug|Win32.ActiveCfg = Debug|Win32
		{1AADB125-3E4D-3E45-A489-2C1EA0B36363}.Debug|Win32.Build.0 = Debug|Win32
		{1AADB125-3E4D-3E45-A489-2C1EA0B36363}.Release|Win32.ActiveCfg = Release|Win32
		{1AADB125-3E4D-3E45-A489-2C1EA0B36363}.Release|Win32.Build.0 = Release|Win32
		{1AADB125-3E4D-3E45-A489-2C1EA0B36363}.MinSizeRel|Win32.ActiveCfg = MinSizeRel|Win32
		{1AADB125-3E4D-3E45-A489-2C1EA0B36363}.MinSizeRel|Win32.Build.0 = MinSizeRel|Win32
		{1AADB125-3E4D-3E45-A489-2C1EA0B36363}.RelWithDebInfo|Win32.ActiveCfg = RelWithDebInfo|Win32
		{1AADB125-3E4D-3E45-A489-2C1EA0B36363}.RelWithDebInfo|Win32.Build.0 = RelWithDebInfo|Win32
		{ABC2A693-9F2B-3A5E-863B-8FBE846BFD30}.Debug|Win32.ActiveCfg = Debug|Win32
		{ABC2A693-9F2B-3A5E-863B-8FBE846BFD30}.Debug|Win32.Build.0 = Debug|Win32
		{ABC2A693-9F2B-3A5E-863B-8FBE846BFD30}.Release|Win32.ActiveCfg = Release|Win32
		{ABC2A693-9F2B-3A5E-863B-8FBE846BFD30}.Release|Win32.Build.0 = Release|Win32
		{ABC2A693-9F2B-3A5E-863B-8FBE846BFD30}.MinSizeRel|Win32.ActiveCfg = MinSizeRel|Win32
		{ABC2A693-9F2B-3A5E-863B-8FBE846BFD30}.MinSizeRel|Win32.Build.0 = MinSizeRel|Win32
		{ABC2A693-9F2B-3A5E-863B-8FBE846BFD30}.RelWithDebInfo|Win32.ActiveCfg = RelWithDebInfo|Win32
		{ABC2A693-9F2B-3A5E-863B-8FBE846BFD30}.RelWithDebInfo|Win32.Build.0 = RelWithDebInfo|Win32
		{E6D2E110-8442-3574-A5EB-E51B61ABB83C}.Debug|Win32.ActiveCfg = Debug|Win32
		{E6D2E110-8442-3574-A5EB-E51B61ABB83C}.Debug|Win32.Build.0 = Debug|Win32
		{E6D2E110-8442-3574-A5EB-E51B61ABB83C}.Release|Win32.ActiveCfg = Release|Win32
		{E6D2E110-8442-3574-A5EB-E51B61ABB83C}.Release|Win32.Build.0 = Release|Win32
		{E6D2E110-8442-3574-A5EB-E51B61ABB83C}.MinSizeRel|Win32.ActiveCfg = MinSizeRel|Win32
		{E6D2E110-8442-3574-A5EB-E51B61ABB83C}.MinSizeRel|Win32.Build.0 = MinSizeRel|Win32
		{E6D2E110-8442-3574-A5EB-E51B61ABB83C}.RelWithDebInfo|Win32.ActiveCfg = RelWithDebInfo|Win32
		{E6D2E110-8442-3574-A5EB-E51B61ABB83C}.RelWithDebInfo|Win32.Build.0 = RelWithDebInfo|Win32
		{939027B8-90DB-33C2-AB2C-A72FA37E9748}.Debug|Win32.ActiveCfg = Debug|Win32
		{939027B8-90DB-33C2-AB2C-A72FA37E9748}.Debug|Win32.Build.0 = Debug|Win32
		{939027B8-90DB-33C2-AB2C-A72FA37E9748}.Release|Win32.ActiveCfg = Release|Win32
		{939027B8-90DB-33C2-AB2C-A72FA37E9748}.Release|Win32.Build.0 = Release|Win32
		{939027B8-90DB-33C2-AB2C-A72FA37E9748}.MinSizeRel|Win32.ActiveCfg = MinSizeRel|Win32
		{939027B8-90DB-33C2-AB2C-A72FA37E9748}.MinSizeRel|Win32.Build.0 = MinSizeRel|Win32
		{939027B8-90DB-33C2-AB2C-A72FA37E9748}.RelWithDebInfo|Win32.ActiveCfg = RelWithDebInfo|Win32
		{939027B8-90DB-33C2-AB2C-A72FA37E9748}.RelWithDebInfo|Win32.Build.0 = RelWithDebInfo|Win32
		{FDD0C1DF-8E21-3555-83C6-28AE5B5C7305}.Debug|Win32.ActiveCfg = Debug|Win32
		{FDD0C1DF-8E21-3555-83C6-28AE5B5C7305}.Debug|Win32.Build.0 = Debug|Win32
		{FDD0C1DF-8E21-3555-83C6-28AE5B5C7305}.Release|Win32.ActiveCfg = Release|Win32
		{FDD0C1DF-8E21-3555-83C6-28AE5B5C7305}.Release|Win32.Build.0 = Release|Win32
		{FDD0C1DF-8E21-3555-83C6-28AE5B5C7305}.MinSizeRel|Win32.ActiveCfg = MinSizeRel|Win32
		{FDD0C1DF-8E21-3555-83C6-28AE5B5C7305}.MinSizeRel|Win32.Build.0 = MinSizeRel|Win32
		{FDD0C1DF-8E21-3555-83C6-28AE5B5C7305}.RelWithDebInfo|Win32.ActiveCfg = RelWithDebInfo|Win32
		{FDD0C1DF-8E21-3555-83C6-28AE5B5C7305}.RelWithDebInfo|Win32.Build.0 = RelWithDebInfo|Win32
		{4C9862A0-F887-3483-949D-3994F0E3F297}.Debug|Win32.ActiveCfg = Debug|Win32
		{4C9862A0-F887-3483-949D-3994F0E3F297}.Debug|Win32.Build.0 = Debug|Win32
		{4C9862A0-F887-3483-949D-3994F0E3F297}.Release|Win32.ActiveCfg = Release|Win32
		{4C9862A0-F887-3483-949D-3994F0E3F297}.Release|Win32.Build.0 = Release|Win32
		{4C9862A0-F887-3483-949D-3994F0E3F297}.MinSizeRel|Win32.ActiveCfg = MinSizeRel|Win32
		{4C9862A0-F887-3483-949D-3994F0E3F297}.MinSizeRel|Win32.Build.0 = MinSizeRel|Win32
		{4C9862A0-F887-3483-949D-3994F0E3F297}.RelWithDebInfo|Win32.ActiveCfg = RelWithDebInfo|Win32
		{4C9862A0-F887-3483-949D-3994F0E3F297}.RelWithDebInfo|Win32.Build.0 = RelWithDebInfo|Win32
		{6A14D6EB-1E91-3589-84D2-BBA4E3ECF28D}.Debug|Win32.ActiveCfg = Debug|Win32
		{6A14D6EB-1E91-3589-84D2-BBA4E3ECF28D}.Debug|Win32.Build.0 = Debug|Win32
		{6A14D6EB-1E91-3589-84D2-BBA4E3ECF28D}.Release|Win32.ActiveCfg = Release|Win32
		{6A14D6EB-1E91-3589-84D2-BBA4E3ECF28D}.Release|Win32.Build.0 = Release|Win32
		{6A14D6EB-1E91-3589-84D2-BBA4E3ECF28D}.MinSizeRel|Win32.ActiveCfg = MinSizeRel|Win32
		{6A14D6EB-1E91-3589-84D2-BBA4E3ECF28D}.MinSizeRel|Win32.Build.0 = MinSizeRel|Win32
		{6A14D6EB-1E91-3589-84D2-BBA4E3ECF28D}.RelWithDebInfo|Win32.ActiveCfg = RelWithDebInfo|Win32
		{6A14D6EB-1E91-3589-84D2-BBA4E3ECF28D}.RelWithDebInfo|Win32.Build.0 = RelWithDebInfo|Win32
		{8395C99D-60B4-36DF-B4C4-B7B4389F3C0D}.Debug|Win32.ActiveCfg = Debug|Win32
		{8395C99D-60B4-36DF-B4C4-B7B4389F3C0D}.Debug|Win32.Build.0 = Debug|Win32
		{8395C99D-60B4-36DF-B4C4-B7B4389F3C0D}.Release|Win32.ActiveCfg = Release|Win32
		{8395C99D-60B4-36DF-B4C4-B7B4389F3C0D}.Release|Win32.Build.0 = Release|Win32
		{8395C99D-60B4-36DF-B4C4-B7B4389F3C0D}.MinSizeRel|Win32.ActiveCfg = MinSizeRel|Win32
		{8395C99D-60B4-36DF-B4C4-B7B4389F3C0D}.MinSizeRel|Win32.Build.0 = MinSizeRel|Win32
		{8395C99D-60B4-36DF-B4C4-B7B4389F3C0D}.RelWithDebInfo|Win32.ActiveCfg = RelWithDebInfo|Win32
		{8395C99D-60B4-36DF-B4C4-B7B4389F3C0D}.RelWithDebInfo|Win32.Build.0 = RelWithDebInfo|Win32
		{289FF76C-6323-3618-A824-607BA070BCFB}.Debug|Win32.ActiveCfg = Debug|Win32
		{289FF76C-6323-3618-A824-607BA070BCFB}.Debug|Win32.Build.0 = Debug|Win32
		{289FF76C-6323-3618-A824-607BA070BCFB}.Release|Win32.ActiveCfg = Release|Win32
		{289FF76C-6323-3618-A824-607BA070BCFB}.Release|Win32.Build.0 = Release|Win32
		{289FF76C-6323-3618-A824-607BA070BCFB}.MinSizeRel|Win32.ActiveCfg = MinSizeRel|Win32
		{289FF76C-6323-3618-A824-607BA070BCFB}.MinSizeRel|Win32.Build.0 = MinSizeRel|Win32
		{289FF76C-6323-3618-A824-607BA070BCFB}.RelWithDebInfo|Win32.ActiveCfg = RelWithDebInfo|Win32
		{289FF76C-6323-3618-A824-607BA070BCFB}.RelWithDebInfo|Win32.Build.0 = RelWithDebInfo|Win32
		{4027FE77-F4D7-3032-B081-38DE39C4198E}.Debug|Win32.ActiveCfg = Debug|Win32
		{4027FE77-F4D7-3032-B081-38DE39C4198E}.Debug|Win32.Build.0 = Debug|Win32
		{4027FE77-F4D7-3032-B081-38DE39C4198E}.Release|Win32.ActiveCfg = Release|Win32
		{4027FE77-F4D7-3032-B081-38DE39C4198E}.Release|Win32.Build.0 = Release|Win32
		{4027FE77-F4D7-3032-B081-38DE39C4198E}.MinSizeRel|Win32.ActiveCfg = MinSizeRel|Win32
		{4027FE77-F4D7-3032-B081-38DE39C4198E}.MinSizeRel|Win32.Build.0 = MinSizeRel|Win32
		{4027FE77-F4D7-3032-B081-38DE39C4198E}.RelWithDebInfo|Win32.ActiveCfg = RelWithDebInfo|Win32
		{4027FE77-F4D7-3032-B081-38DE39C4198E}.RelWithDebInfo|Win32.Build.0 = RelWithDebInfo|Win32
		{EB116F6D-7A78-34FB-AD6E-565EA8903CE9}.Debug|Win32.ActiveCfg = Debug|Win32
		{EB116F6D-7A78-34FB-AD6E-565EA8903CE9}.Debug|Win32.Build.0 = Debug|Win32
		{EB116F6D-7A78-34FB-AD6E-565EA8903CE9}.Release|Win32.ActiveCfg = Release|Win32
		{EB116F6D-7A78-34FB-AD6E-565EA8903CE9}.Release|Win32.Build.0 = Release|Win32
		{EB116F6D-7A78-34FB-AD6E-565EA8903CE9}.MinSizeRel|Win32.ActiveCfg = MinSizeRel|Win32
		{EB116F6D-7A78-34FB-AD6E-565EA8903CE9}.MinSizeRel|Win32.Build.0 = MinSizeRel|Win32
		{EB116F6D-7A78-34FB-AD6E-565EA8903CE9}.RelWithDebInfo|Win32.ActiveCfg = RelWithDebInfo|Win32
		{EB116F6D-7A78-34FB-AD6E-565EA8903CE9}.RelWithDebInfo|Win32.Build.0 = RelWithDebInfo|Win32
		{4C215D49-EF20-3B8C-A94A-E6C991932667}.Debug|Win32.ActiveCfg = Debug|Win32
		{4C215D49-EF20-3B8C-A94A-E6C991932667}.Debug|Win32.Build.0 = Debug|Win32
		{4C215D49-EF20-3B8C-A94A-E6C991932667}.Release|Win32.ActiveCfg = Release|Win32
		{4C215D49-EF20-3B8C-A94A-E6C991932667}.Release|Win32.Build.0 = Release|Win32
		{4C215D49-EF20-3B8C-A94A-E6C991932667}.MinSizeRel|Win32.ActiveCfg = MinSizeRel|Win32
		{4C215D49-EF20-3B8C-A94A-E6C991932667}.MinSizeRel|Win32.Build.0 = MinSizeRel|Win32
		{4C215D49-EF20-3B8C-A94A-E6C991932667}.RelWithDebInfo|Win32.ActiveCfg = RelWithDebInfo|Win32
		{4C215D49-EF20-3B8C-A94A-E6C991932667}.RelWithDebInfo|Win32.Build.0 = RelWithDebInfo|Win32
		{131EEA39-311C-39A3-AD91-37369DFF6F2E}.Debug|Win32.ActiveCfg = Debug|Win32
		{131EEA39-311C-39A3-AD91-37369DFF6F2E}.Debug|Win32.Build.0 = Debug|Win32
		{131EEA39-311C-39A3-AD91-37369DFF6F2E}.Release|Win32.ActiveCfg = Release|Win32
		{131EEA39-311C-39A3-AD91-37369DFF6F2E}.Release|Win32.Build.0 = Release|Win32
		{131EEA39-311C-39A3-AD91-37369DFF6F2E}.MinSizeRel|Win32.ActiveCfg = MinSizeRel|Win32
		{131EEA39-311C-39A3-AD91-37369DFF6F2E}.MinSizeRel|Win32.Build.0 = MinSizeRel|Win32
		{131EEA39-311C-39A3-AD91-37369DFF6F2E}.RelWithDebInfo|Win32.ActiveCfg = RelWithDebInfo|Win32
		{131EEA39-311C-39A3-AD91-37369DFF6F2E}.RelWithDebInfo|Win32.Build.0 = RelWithDebInfo|Win32
	EndGlobalSection
	GlobalSection(ExtensibilityGlobals) = postSolution
		SolutionGuid = {20DF1A27-B59F-3E03-B08E-E4C5F485EFD7}
	EndGlobalSection
	GlobalSection(ExtensibilityAddIns) = postSolution
	EndGlobalSection
EndGlobal
