<?xml version="1.0" encoding="utf-8"?>
<Project ToolsVersion="15.0" xmlns="http://schemas.microsoft.com/developer/msbuild/2003">
  <ItemGroup>
    <CustomBuild Include="C:\Users\Satvik\of_v0.9.8_vs_release\apps\myApps\final-project-ssethia2\CMakeFiles\a69c78f36de989faa6bf51bb2f7b494d\INSTALL_force.rule">
      <Filter>CMake Rules</Filter>
    </CustomBuild>
  </ItemGroup>
  <ItemGroup>
    <Filter Include="CMake Rules">
      <UniqueIdentifier>{3BF40B8E-DB14-3952-B74F-30AE251BF92C}</UniqueIdentifier>
    </Filter>
  </ItemGroup>
</Project>
