<?xml version="1.0" encoding="utf-8"?>
<Project ToolsVersion="15.0" xmlns="http://schemas.microsoft.com/developer/msbuild/2003">
  <ItemGroup>
    <CustomBuild Include="C:\Users\Satvik\of_v0.9.8_vs_release\apps\myApps\final-project-ssethia2\CMakeFiles\f42f04cc19b8b5b75b65a01758bed79b\liblinear-mkdir.rule">
      <Filter>CMake Rules</Filter>
    </CustomBuild>
    <CustomBuild Include="C:\Users\Satvik\of_v0.9.8_vs_release\apps\myApps\final-project-ssethia2\CMakeFiles\f42f04cc19b8b5b75b65a01758bed79b\liblinear-download.rule">
      <Filter>CMake Rules</Filter>
    </CustomBuild>
    <CustomBuild Include="C:\Users\Satvik\of_v0.9.8_vs_release\apps\myApps\final-project-ssethia2\CMakeFiles\f42f04cc19b8b5b75b65a01758bed79b\liblinear-update.rule">
      <Filter>CMake Rules</Filter>
    </CustomBuild>
    <CustomBuild Include="C:\Users\Satvik\of_v0.9.8_vs_release\apps\myApps\final-project-ssethia2\CMakeFiles\f42f04cc19b8b5b75b65a01758bed79b\liblinear-patch.rule">
      <Filter>CMake Rules</Filter>
    </CustomBuild>
    <CustomBuild Include="C:\Users\Satvik\of_v0.9.8_vs_release\apps\myApps\final-project-ssethia2\CMakeFiles\f42f04cc19b8b5b75b65a01758bed79b\liblinear-configure.rule">
      <Filter>CMake Rules</Filter>
    </CustomBuild>
    <CustomBuild Include="C:\Users\Satvik\of_v0.9.8_vs_release\apps\myApps\final-project-ssethia2\CMakeFiles\f42f04cc19b8b5b75b65a01758bed79b\liblinear-build.rule">
      <Filter>CMake Rules</Filter>
    </CustomBuild>
    <CustomBuild Include="C:\Users\Satvik\of_v0.9.8_vs_release\apps\myApps\final-project-ssethia2\CMakeFiles\f42f04cc19b8b5b75b65a01758bed79b\liblinear-install.rule">
      <Filter>CMake Rules</Filter>
    </CustomBuild>
    <CustomBuild Include="C:\Users\Satvik\of_v0.9.8_vs_release\apps\myApps\final-project-ssethia2\CMakeFiles\c4295a55bd031435ae9de3008b5f76b6\liblinear-complete.rule">
      <Filter>CMake Rules</Filter>
    </CustomBuild>
    <CustomBuild Include="C:\Users\Satvik\of_v0.9.8_vs_release\apps\myApps\final-project-ssethia2\CMakeFiles\2ee577bdd3189ec43de504932138ba61\liblinear.rule">
      <Filter>CMake Rules</Filter>
    </CustomBuild>
    <CustomBuild Include="C:\msys64\home\Satvik\meta\src\classify\CMakeLists.txt" />
  </ItemGroup>
  <ItemGroup>
    <None Include="C:\Users\Satvik\of_v0.9.8_vs_release\apps\myApps\final-project-ssethia2\src\classify\CMakeFiles\liblinear" />
  </ItemGroup>
  <ItemGroup>
    <Filter Include="CMake Rules">
      <UniqueIdentifier>{3BF40B8E-DB14-3952-B74F-30AE251BF92C}</UniqueIdentifier>
    </Filter>
  </ItemGroup>
</Project>
