Microsoft Visual Studio Solution File, Format Version 12.00
# Visual Studio 15
Project("{8BC9CEB8-8B4A-11D0-8D11-00A0C91BC942}") = "ALL_BUILD", "ALL_BUILD.vcxproj", "{50328EBB-47B4-3C5C-A628-1F5C2C59383A}"
	ProjectSection(ProjectDependencies) = postProject
		{C290A582-B682-31C5-83CA-596347701D17} = {C290A582-B682-31C5-83CA-596347701D17}
		{E73AF43B-7703-3D9A-96F9-E39A27C17067} = {E73AF43B-7703-3D9A-96F9-E39A27C17067}
	EndProjectSection
EndProject
Project("{8BC9CEB8-8B4A-11D0-8D11-00A0C91BC942}") = "INSTALL", "INSTALL.vcxproj", "{BA64347F-FFC8-3D45-A872-374CA0DCB7D6}"
	ProjectSection(ProjectDependencies) = postProject
		{50328EBB-47B4-3C5C-A628-1F5C2C59383A} = {50328EBB-47B4-3C5C-A628-1F5C2C59383A}
		{C290A582-B682-31C5-83CA-596347701D17} = {C290A582-B682-31C5-83CA-596347701D17}
	EndProjectSection
EndProject
Project("{8BC9CEB8-8B4A-11D0-8D11-00A0C91BC942}") = "ZERO_CHECK", "..\..\\ZERO_CHECK.vcxproj", "{C290A582-B682-31C5-83CA-596347701D17}"
	ProjectSection(ProjectDependencies) = postProject
	EndProjectSection
EndProject
Project("{8BC9CEB8-8B4A-11D0-8D11-00A0C91BC942}") = "meta-io", "..\io\meta-io.vcxproj", "{ABC2A693-9F2B-3A5E-863B-8FBE846BFD30}"
	ProjectSection(ProjectDependencies) = postProject
		{C290A582-B682-31C5-83CA-596347701D17} = {C290A582-B682-31C5-83CA-596347701D17}
		{E6D2E110-8442-3574-A5EB-E51B61ABB83C} = {E6D2E110-8442-3574-A5EB-E51B61ABB83C}
		{131EEA39-311C-39A3-AD91-37369DFF6F2E} = {131EEA39-311C-39A3-AD91-37369DFF6F2E}
	EndProjectSection
EndProject
Project("{8BC9CEB8-8B4A-11D0-8D11-00A0C91BC942}") = "meta-mman-win32", "..\io\mman-win32\meta-mman-win32.vcxproj", "{E6D2E110-8442-3574-A5EB-E51B61ABB83C}"
	ProjectSection(ProjectDependencies) = postProject
		{C290A582-B682-31C5-83CA-596347701D17} = {C290A582-B682-31C5-83CA-596347701D17}
	EndProjectSection
EndProject
Project("{8BC9CEB8-8B4A-11D0-8D11-00A0C91BC942}") = "meta-succinct", "meta-succinct.vcxproj", "{E73AF43B-7703-3D9A-96F9-E39A27C17067}"
	ProjectSection(ProjectDependencies) = postProject
		{C290A582-B682-31C5-83CA-596347701D17} = {C290A582-B682-31C5-83CA-596347701D17}
		{ABC2A693-9F2B-3A5E-863B-8FBE846BFD30} = {ABC2A693-9F2B-3A5E-863B-8FBE846BFD30}
		{E6D2E110-8442-3574-A5EB-E51B61ABB83C} = {E6D2E110-8442-3574-A5EB-E51B61ABB83C}
		{131EEA39-311C-39A3-AD91-37369DFF6F2E} = {131EEA39-311C-39A3-AD91-37369DFF6F2E}
	EndProjectSection
EndProject
Project("{8BC9CEB8-8B4A-11D0-8D11-00A0C91BC942}") = "meta-util", "..\util\meta-util.vcxproj", "{131EEA39-311C-39A3-AD91-37369DFF6F2E}"
	ProjectSection(ProjectDependencies) = postProject
		{C290A582-B682-31C5-83CA-596347701D17} = {C290A582-B682-31C5-83CA-596347701D17}
	EndProjectSection
EndProject
Global
	GlobalSection(SolutionConfigurationPlatforms) = preSolution
		Debug|Win32 = Debug|Win32
		Release|Win32 = Release|Win32
		MinSizeRel|Win32 = MinSizeRel|Win32
		RelWithDebInfo|Win32 = RelWithDebInfo|Win32
	EndGlobalSection
	GlobalSection(ProjectConfigurationPlatforms) = postSolution
		{50328EBB-47B4-3C5C-A628-1F5C2C59383A}.Debug|Win32.ActiveCfg = Debug|Win32
		{50328EBB-47B4-3C5C-A628-1F5C2C59383A}.Debug|Win32.Build.0 = Debug|Win32
		{50328EBB-47B4-3C5C-A628-1F5C2C59383A}.Release|Win32.ActiveCfg = Release|Win32
		{50328EBB-47B4-3C5C-A628-1F5C2C59383A}.Release|Win32.Build.0 = Release|Win32
		{50328EBB-47B4-3C5C-A628-1F5C2C59383A}.MinSizeRel|Win32.ActiveCfg = MinSizeRel|Win32
		{50328EBB-47B4-3C5C-A628-1F5C2C59383A}.MinSizeRel|Win32.Build.0 = MinSizeRel|Win32
		{50328EBB-47B4-3C5C-A628-1F5C2C59383A}.RelWithDebInfo|Win32.ActiveCfg = RelWithDebInfo|Win32
		{50328EBB-47B4-3C5C-A628-1F5C2C59383A}.RelWithDebInfo|Win32.Build.0 = RelWithDebInfo|Win32
		{BA64347F-FFC8-3D45-A872-374CA0DCB7D6}.Debug|Win32.ActiveCfg = Debug|Win32
		{BA64347F-FFC8-3D45-A872-374CA0DCB7D6}.Release|Win32.ActiveCfg = Release|Win32
		{BA64347F-FFC8-3D45-A872-374CA0DCB7D6}.MinSizeRel|Win32.ActiveCfg = MinSizeRel|Win32
		{BA64347F-FFC8-3D45-A872-374CA0DCB7D6}.RelWithDebInfo|Win32.ActiveCfg = RelWithDebInfo|Win32
		{C290A582-B682-31C5-83CA-596347701D17}.Debug|Win32.ActiveCfg = Debug|Win32
		{C290A582-B682-31C5-83CA-596347701D17}.Debug|Win32.Build.0 = Debug|Win32
		{C290A582-B682-31C5-83CA-596347701D17}.Release|Win32.ActiveCfg = Release|Win32
		{C290A582-B682-31C5-83CA-596347701D17}.Release|Win32.Build.0 = Release|Win32
		{C290A582-B682-31C5-83CA-596347701D17}.MinSizeRel|Win32.ActiveCfg = MinSizeRel|Win32
		{C290A582-B682-31C5-83CA-596347701D17}.MinSizeRel|Win32.Build.0 = MinSizeRel|Win32
		{C290A582-B682-31C5-83CA-596347701D17}.RelWithDebInfo|Win32.ActiveCfg = RelWithDebInfo|Win32
		{C290A582-B682-31C5-83CA-596347701D17}.RelWithDebInfo|Win32.Build.0 = RelWithDebInfo|Win32
		{ABC2A693-9F2B-3A5E-863B-8FBE846BFD30}.Debug|Win32.ActiveCfg = Debug|Win32
		{ABC2A693-9F2B-3A5E-863B-8FBE846BFD30}.Debug|Win32.Build.0 = Debug|Win32
		{ABC2A693-9F2B-3A5E-863B-8FBE846BFD30}.Release|Win32.ActiveCfg = Release|Win32
		{ABC2A693-9F2B-3A5E-863B-8FBE846BFD30}.Release|Win32.Build.0 = Release|Win32
		{ABC2A693-9F2B-3A5E-863B-8FBE846BFD30}.MinSizeRel|Win32.ActiveCfg = MinSizeRel|Win32
		{ABC2A693-9F2B-3A5E-863B-8FBE846BFD30}.MinSizeRel|Win32.Build.0 = MinSizeRel|Win32
		{ABC2A693-9F2B-3A5E-863B-8FBE846BFD30}.RelWithDebInfo|Win32.ActiveCfg = RelWithDebInfo|Win32
		{ABC2A693-9F2B-3A5E-863B-8FBE846BFD30}.RelWithDebInfo|Win32.Build.0 = RelWithDebInfo|Win32
		{E6D2E110-8442-3574-A5EB-E51B61ABB83C}.Debug|Win32.ActiveCfg = Debug|Win32
		{E6D2E110-8442-3574-A5EB-E51B61ABB83C}.Debug|Win32.Build.0 = Debug|Win32
		{E6D2E110-8442-3574-A5EB-E51B61ABB83C}.Release|Win32.ActiveCfg = Release|Win32
		{E6D2E110-8442-3574-A5EB-E51B61ABB83C}.Release|Win32.Build.0 = Release|Win32
		{E6D2E110-8442-3574-A5EB-E51B61ABB83C}.MinSizeRel|Win32.ActiveCfg = MinSizeRel|Win32
		{E6D2E110-8442-3574-A5EB-E51B61ABB83C}.MinSizeRel|Win32.Build.0 = MinSizeRel|Win32
		{E6D2E110-8442-3574-A5EB-E51B61ABB83C}.RelWithDebInfo|Win32.ActiveCfg = RelWithDebInfo|Win32
		{E6D2E110-8442-3574-A5EB-E51B61ABB83C}.RelWithDebInfo|Win32.Build.0 = RelWithDebInfo|Win32
		{E73AF43B-7703-3D9A-96F9-E39A27C17067}.Debug|Win32.ActiveCfg = Debug|Win32
		{E73AF43B-7703-3D9A-96F9-E39A27C17067}.Debug|Win32.Build.0 = Debug|Win32
		{E73AF43B-7703-3D9A-96F9-E39A27C17067}.Release|Win32.ActiveCfg = Release|Win32
		{E73AF43B-7703-3D9A-96F9-E39A27C17067}.Release|Win32.Build.0 = Release|Win32
		{E73AF43B-7703-3D9A-96F9-E39A27C17067}.MinSizeRel|Win32.ActiveCfg = MinSizeRel|Win32
		{E73AF43B-7703-3D9A-96F9-E39A27C17067}.MinSizeRel|Win32.Build.0 = MinSizeRel|Win32
		{E73AF43B-7703-3D9A-96F9-E39A27C17067}.RelWithDebInfo|Win32.ActiveCfg = RelWithDebInfo|Win32
		{E73AF43B-7703-3D9A-96F9-E39A27C17067}.RelWithDebInfo|Win32.Build.0 = RelWithDebInfo|Win32
		{131EEA39-311C-39A3-AD91-37369DFF6F2E}.Debug|Win32.ActiveCfg = Debug|Win32
		{131EEA39-311C-39A3-AD91-37369DFF6F2E}.Debug|Win32.Build.0 = Debug|Win32
		{131EEA39-311C-39A3-AD91-37369DFF6F2E}.Release|Win32.ActiveCfg = Release|Win32
		{131EEA39-311C-39A3-AD91-37369DFF6F2E}.Release|Win32.Build.0 = Release|Win32
		{131EEA39-311C-39A3-AD91-37369DFF6F2E}.MinSizeRel|Win32.ActiveCfg = MinSizeRel|Win32
		{131EEA39-311C-39A3-AD91-37369DFF6F2E}.MinSizeRel|Win32.Build.0 = MinSizeRel|Win32
		{131EEA39-311C-39A3-AD91-37369DFF6F2E}.RelWithDebInfo|Win32.ActiveCfg = RelWithDebInfo|Win32
		{131EEA39-311C-39A3-AD91-37369DFF6F2E}.RelWithDebInfo|Win32.Build.0 = RelWithDebInfo|Win32
	EndGlobalSection
	GlobalSection(ExtensibilityGlobals) = postSolution
		SolutionGuid = {48F76CCC-7780-391F-A8AF-5CBA2208CE12}
	EndGlobalSection
	GlobalSection(ExtensibilityAddIns) = postSolution
	EndGlobalSection
EndGlobal
