Microsoft Visual Studio Solution File, Format Version 12.00
# Visual Studio 15
Project("{8BC9CEB8-8B4A-11D0-8D11-00A0C91BC942}") = "ALL_BUILD", "ALL_BUILD.vcxproj", "{50328EBB-47B4-3C5C-A628-1F5C2C59383A}"
	ProjectSection(ProjectDependencies) = postProject
		{C290A582-B682-31C5-83CA-596347701D17} = {C290A582-B682-31C5-83CA-596347701D17}
		{7BBB76D3-21E9-3709-B4DA-20F8C6F0D546} = {7BBB76D3-21E9-3709-B4DA-20F8C6F0D546}
		{24259F5C-84DD-348D-BFBF-EEFD0E721CF0} = {24259F5C-84DD-348D-BFBF-EEFD0E721CF0}
		{E6448171-9B81-3E8B-92B7-0B558C4FAAEF} = {E6448171-9B81-3E8B-92B7-0B558C4FAAEF}
		{74F85770-0F95-330A-B554-A4C89417C99E} = {74F85770-0F95-330A-B554-A4C89417C99E}
		{3702500C-BB11-3509-A524-FC1DA2478794} = {3702500C-BB11-3509-A524-FC1DA2478794}
		{EB55AE0D-E426-3B86-9762-ACC38E5583E1} = {EB55AE0D-E426-3B86-9762-ACC38E5583E1}
		{1AADB125-3E4D-3E45-A489-2C1EA0B36363} = {1AADB125-3E4D-3E45-A489-2C1EA0B36363}
		{5C6D48F6-F499-3936-8FA6-AEC6903F60B4} = {5C6D48F6-F499-3936-8FA6-AEC6903F60B4}
		{289FF76C-6323-3618-A824-607BA070BCFB} = {289FF76C-6323-3618-A824-607BA070BCFB}
		{8ABBDD22-9278-3E77-85E2-C8DCD960452A} = {8ABBDD22-9278-3E77-85E2-C8DCD960452A}
		{BFC9C054-D665-3275-91F3-74CF8B414786} = {BFC9C054-D665-3275-91F3-74CF8B414786}
		{7A064617-D015-3B54-9A2D-98837688A680} = {7A064617-D015-3B54-9A2D-98837688A680}
	EndProjectSection
EndProject
Project("{8BC9CEB8-8B4A-11D0-8D11-00A0C91BC942}") = "INSTALL", "INSTALL.vcxproj", "{BA64347F-FFC8-3D45-A872-374CA0DCB7D6}"
	ProjectSection(ProjectDependencies) = postProject
		{50328EBB-47B4-3C5C-A628-1F5C2C59383A} = {50328EBB-47B4-3C5C-A628-1F5C2C59383A}
		{C290A582-B682-31C5-83CA-596347701D17} = {C290A582-B682-31C5-83CA-596347701D17}
	EndProjectSection
EndProject
Project("{8BC9CEB8-8B4A-11D0-8D11-00A0C91BC942}") = "ZERO_CHECK", "..\..\\ZERO_CHECK.vcxproj", "{C290A582-B682-31C5-83CA-596347701D17}"
	ProjectSection(ProjectDependencies) = postProject
	EndProjectSection
EndProject
Project("{8BC9CEB8-8B4A-11D0-8D11-00A0C91BC942}") = "crf-test", "crf\tools\crf-test.vcxproj", "{7BBB76D3-21E9-3709-B4DA-20F8C6F0D546}"
	ProjectSection(ProjectDependencies) = postProject
		{C290A582-B682-31C5-83CA-596347701D17} = {C290A582-B682-31C5-83CA-596347701D17}
		{87ED0C5E-434A-3C25-AA9F-F2DF4F3B1FDD} = {87ED0C5E-434A-3C25-AA9F-F2DF4F3B1FDD}
		{CA680194-CE3A-3723-BD09-6FC746763683} = {CA680194-CE3A-3723-BD09-6FC746763683}
		{A43887C3-7DB4-3D37-80F6-4EF66C740425} = {A43887C3-7DB4-3D37-80F6-4EF66C740425}
		{EB55AE0D-E426-3B86-9762-ACC38E5583E1} = {EB55AE0D-E426-3B86-9762-ACC38E5583E1}
		{8AA13414-86E7-3FEF-B425-F95F34969FA1} = {8AA13414-86E7-3FEF-B425-F95F34969FA1}
		{930B4FF1-A8B3-3964-86DF-E312C29B16B8} = {930B4FF1-A8B3-3964-86DF-E312C29B16B8}
		{27F41F63-09C2-3F47-A0B1-4DBB6E41FA18} = {27F41F63-09C2-3F47-A0B1-4DBB6E41FA18}
		{ABC2A693-9F2B-3A5E-863B-8FBE846BFD30} = {ABC2A693-9F2B-3A5E-863B-8FBE846BFD30}
		{D5B835C8-C20E-316B-A36A-3F65752DB19F} = {D5B835C8-C20E-316B-A36A-3F65752DB19F}
		{E6BD08EC-2CB8-35D2-ADE9-7EB7206EF31B} = {E6BD08EC-2CB8-35D2-ADE9-7EB7206EF31B}
		{4D355CB4-EDAE-3EE2-84BB-9381F6BEBDDD} = {4D355CB4-EDAE-3EE2-84BB-9381F6BEBDDD}
		{E6D2E110-8442-3574-A5EB-E51B61ABB83C} = {E6D2E110-8442-3574-A5EB-E51B61ABB83C}
		{6C600F91-4483-3367-B092-1367A6BFF40C} = {6C600F91-4483-3367-B092-1367A6BFF40C}
		{289FF76C-6323-3618-A824-607BA070BCFB} = {289FF76C-6323-3618-A824-607BA070BCFB}
		{4027FE77-F4D7-3032-B081-38DE39C4198E} = {4027FE77-F4D7-3032-B081-38DE39C4198E}
		{4C215D49-EF20-3B8C-A94A-E6C991932667} = {4C215D49-EF20-3B8C-A94A-E6C991932667}
		{131EEA39-311C-39A3-AD91-37369DFF6F2E} = {131EEA39-311C-39A3-AD91-37369DFF6F2E}
	EndProjectSection
EndProject
Project("{8BC9CEB8-8B4A-11D0-8D11-00A0C91BC942}") = "crf-train", "crf\tools\crf-train.vcxproj", "{24259F5C-84DD-348D-BFBF-EEFD0E721CF0}"
	ProjectSection(ProjectDependencies) = postProject
		{C290A582-B682-31C5-83CA-596347701D17} = {C290A582-B682-31C5-83CA-596347701D17}
		{EB55AE0D-E426-3B86-9762-ACC38E5583E1} = {EB55AE0D-E426-3B86-9762-ACC38E5583E1}
		{ABC2A693-9F2B-3A5E-863B-8FBE846BFD30} = {ABC2A693-9F2B-3A5E-863B-8FBE846BFD30}
		{E6D2E110-8442-3574-A5EB-E51B61ABB83C} = {E6D2E110-8442-3574-A5EB-E51B61ABB83C}
		{289FF76C-6323-3618-A824-607BA070BCFB} = {289FF76C-6323-3618-A824-607BA070BCFB}
		{4C215D49-EF20-3B8C-A94A-E6C991932667} = {4C215D49-EF20-3B8C-A94A-E6C991932667}
		{131EEA39-311C-39A3-AD91-37369DFF6F2E} = {131EEA39-311C-39A3-AD91-37369DFF6F2E}
	EndProjectSection
EndProject
Project("{8BC9CEB8-8B4A-11D0-8D11-00A0C91BC942}") = "greedy-tagger-test", "tools\greedy-tagger-test.vcxproj", "{E6448171-9B81-3E8B-92B7-0B558C4FAAEF}"
	ProjectSection(ProjectDependencies) = postProject
		{C290A582-B682-31C5-83CA-596347701D17} = {C290A582-B682-31C5-83CA-596347701D17}
		{87ED0C5E-434A-3C25-AA9F-F2DF4F3B1FDD} = {87ED0C5E-434A-3C25-AA9F-F2DF4F3B1FDD}
		{CA680194-CE3A-3723-BD09-6FC746763683} = {CA680194-CE3A-3723-BD09-6FC746763683}
		{A43887C3-7DB4-3D37-80F6-4EF66C740425} = {A43887C3-7DB4-3D37-80F6-4EF66C740425}
		{8AA13414-86E7-3FEF-B425-F95F34969FA1} = {8AA13414-86E7-3FEF-B425-F95F34969FA1}
		{930B4FF1-A8B3-3964-86DF-E312C29B16B8} = {930B4FF1-A8B3-3964-86DF-E312C29B16B8}
		{1AADB125-3E4D-3E45-A489-2C1EA0B36363} = {1AADB125-3E4D-3E45-A489-2C1EA0B36363}
		{27F41F63-09C2-3F47-A0B1-4DBB6E41FA18} = {27F41F63-09C2-3F47-A0B1-4DBB6E41FA18}
		{ABC2A693-9F2B-3A5E-863B-8FBE846BFD30} = {ABC2A693-9F2B-3A5E-863B-8FBE846BFD30}
		{D5B835C8-C20E-316B-A36A-3F65752DB19F} = {D5B835C8-C20E-316B-A36A-3F65752DB19F}
		{E6BD08EC-2CB8-35D2-ADE9-7EB7206EF31B} = {E6BD08EC-2CB8-35D2-ADE9-7EB7206EF31B}
		{4D355CB4-EDAE-3EE2-84BB-9381F6BEBDDD} = {4D355CB4-EDAE-3EE2-84BB-9381F6BEBDDD}
		{E6D2E110-8442-3574-A5EB-E51B61ABB83C} = {E6D2E110-8442-3574-A5EB-E51B61ABB83C}
		{6C600F91-4483-3367-B092-1367A6BFF40C} = {6C600F91-4483-3367-B092-1367A6BFF40C}
		{289FF76C-6323-3618-A824-607BA070BCFB} = {289FF76C-6323-3618-A824-607BA070BCFB}
		{4027FE77-F4D7-3032-B081-38DE39C4198E} = {4027FE77-F4D7-3032-B081-38DE39C4198E}
		{4C215D49-EF20-3B8C-A94A-E6C991932667} = {4C215D49-EF20-3B8C-A94A-E6C991932667}
		{131EEA39-311C-39A3-AD91-37369DFF6F2E} = {131EEA39-311C-39A3-AD91-37369DFF6F2E}
	EndProjectSection
EndProject
Project("{8BC9CEB8-8B4A-11D0-8D11-00A0C91BC942}") = "greedy-tagger-train", "tools\greedy-tagger-train.vcxproj", "{74F85770-0F95-330A-B554-A4C89417C99E}"
	ProjectSection(ProjectDependencies) = postProject
		{C290A582-B682-31C5-83CA-596347701D17} = {C290A582-B682-31C5-83CA-596347701D17}
		{87ED0C5E-434A-3C25-AA9F-F2DF4F3B1FDD} = {87ED0C5E-434A-3C25-AA9F-F2DF4F3B1FDD}
		{CA680194-CE3A-3723-BD09-6FC746763683} = {CA680194-CE3A-3723-BD09-6FC746763683}
		{A43887C3-7DB4-3D37-80F6-4EF66C740425} = {A43887C3-7DB4-3D37-80F6-4EF66C740425}
		{8AA13414-86E7-3FEF-B425-F95F34969FA1} = {8AA13414-86E7-3FEF-B425-F95F34969FA1}
		{930B4FF1-A8B3-3964-86DF-E312C29B16B8} = {930B4FF1-A8B3-3964-86DF-E312C29B16B8}
		{1AADB125-3E4D-3E45-A489-2C1EA0B36363} = {1AADB125-3E4D-3E45-A489-2C1EA0B36363}
		{27F41F63-09C2-3F47-A0B1-4DBB6E41FA18} = {27F41F63-09C2-3F47-A0B1-4DBB6E41FA18}
		{ABC2A693-9F2B-3A5E-863B-8FBE846BFD30} = {ABC2A693-9F2B-3A5E-863B-8FBE846BFD30}
		{D5B835C8-C20E-316B-A36A-3F65752DB19F} = {D5B835C8-C20E-316B-A36A-3F65752DB19F}
		{E6BD08EC-2CB8-35D2-ADE9-7EB7206EF31B} = {E6BD08EC-2CB8-35D2-ADE9-7EB7206EF31B}
		{4D355CB4-EDAE-3EE2-84BB-9381F6BEBDDD} = {4D355CB4-EDAE-3EE2-84BB-9381F6BEBDDD}
		{E6D2E110-8442-3574-A5EB-E51B61ABB83C} = {E6D2E110-8442-3574-A5EB-E51B61ABB83C}
		{6C600F91-4483-3367-B092-1367A6BFF40C} = {6C600F91-4483-3367-B092-1367A6BFF40C}
		{289FF76C-6323-3618-A824-607BA070BCFB} = {289FF76C-6323-3618-A824-607BA070BCFB}
		{4027FE77-F4D7-3032-B081-38DE39C4198E} = {4027FE77-F4D7-3032-B081-38DE39C4198E}
		{4C215D49-EF20-3B8C-A94A-E6C991932667} = {4C215D49-EF20-3B8C-A94A-E6C991932667}
		{131EEA39-311C-39A3-AD91-37369DFF6F2E} = {131EEA39-311C-39A3-AD91-37369DFF6F2E}
	EndProjectSection
EndProject
Project("{8BC9CEB8-8B4A-11D0-8D11-00A0C91BC942}") = "hmm-train", "hmm\tools\hmm-train.vcxproj", "{3702500C-BB11-3509-A524-FC1DA2478794}"
	ProjectSection(ProjectDependencies) = postProject
		{C290A582-B682-31C5-83CA-596347701D17} = {C290A582-B682-31C5-83CA-596347701D17}
		{5C6D48F6-F499-3936-8FA6-AEC6903F60B4} = {5C6D48F6-F499-3936-8FA6-AEC6903F60B4}
		{ABC2A693-9F2B-3A5E-863B-8FBE846BFD30} = {ABC2A693-9F2B-3A5E-863B-8FBE846BFD30}
		{E6D2E110-8442-3574-A5EB-E51B61ABB83C} = {E6D2E110-8442-3574-A5EB-E51B61ABB83C}
		{289FF76C-6323-3618-A824-607BA070BCFB} = {289FF76C-6323-3618-A824-607BA070BCFB}
		{4C215D49-EF20-3B8C-A94A-E6C991932667} = {4C215D49-EF20-3B8C-A94A-E6C991932667}
		{131EEA39-311C-39A3-AD91-37369DFF6F2E} = {131EEA39-311C-39A3-AD91-37369DFF6F2E}
	EndProjectSection
EndProject
Project("{8BC9CEB8-8B4A-11D0-8D11-00A0C91BC942}") = "liblinear", "..\classify\liblinear.vcxproj", "{242CE2E2-4EBF-3070-B9BB-820E660055BA}"
	ProjectSection(ProjectDependencies) = postProject
		{C290A582-B682-31C5-83CA-596347701D17} = {C290A582-B682-31C5-83CA-596347701D17}
	EndProjectSection
EndProject
Project("{8BC9CEB8-8B4A-11D0-8D11-00A0C91BC942}") = "libsvm", "..\classify\libsvm.vcxproj", "{77955822-2B47-3C31-8B22-33D9758B3B6F}"
	ProjectSection(ProjectDependencies) = postProject
		{C290A582-B682-31C5-83CA-596347701D17} = {C290A582-B682-31C5-83CA-596347701D17}
	EndProjectSection
EndProject
Project("{8BC9CEB8-8B4A-11D0-8D11-00A0C91BC942}") = "meta-analyzers", "..\analyzers\meta-analyzers.vcxproj", "{87ED0C5E-434A-3C25-AA9F-F2DF4F3B1FDD}"
	ProjectSection(ProjectDependencies) = postProject
		{C290A582-B682-31C5-83CA-596347701D17} = {C290A582-B682-31C5-83CA-596347701D17}
		{A43887C3-7DB4-3D37-80F6-4EF66C740425} = {A43887C3-7DB4-3D37-80F6-4EF66C740425}
		{930B4FF1-A8B3-3964-86DF-E312C29B16B8} = {930B4FF1-A8B3-3964-86DF-E312C29B16B8}
		{ABC2A693-9F2B-3A5E-863B-8FBE846BFD30} = {ABC2A693-9F2B-3A5E-863B-8FBE846BFD30}
		{E6D2E110-8442-3574-A5EB-E51B61ABB83C} = {E6D2E110-8442-3574-A5EB-E51B61ABB83C}
		{4027FE77-F4D7-3032-B081-38DE39C4198E} = {4027FE77-F4D7-3032-B081-38DE39C4198E}
		{4C215D49-EF20-3B8C-A94A-E6C991932667} = {4C215D49-EF20-3B8C-A94A-E6C991932667}
		{131EEA39-311C-39A3-AD91-37369DFF6F2E} = {131EEA39-311C-39A3-AD91-37369DFF6F2E}
	EndProjectSection
EndProject
Project("{8BC9CEB8-8B4A-11D0-8D11-00A0C91BC942}") = "meta-classify", "..\classify\meta-classify.vcxproj", "{CA680194-CE3A-3723-BD09-6FC746763683}"
	ProjectSection(ProjectDependencies) = postProject
		{C290A582-B682-31C5-83CA-596347701D17} = {C290A582-B682-31C5-83CA-596347701D17}
		{242CE2E2-4EBF-3070-B9BB-820E660055BA} = {242CE2E2-4EBF-3070-B9BB-820E660055BA}
		{77955822-2B47-3C31-8B22-33D9758B3B6F} = {77955822-2B47-3C31-8B22-33D9758B3B6F}
		{87ED0C5E-434A-3C25-AA9F-F2DF4F3B1FDD} = {87ED0C5E-434A-3C25-AA9F-F2DF4F3B1FDD}
		{A43887C3-7DB4-3D37-80F6-4EF66C740425} = {A43887C3-7DB4-3D37-80F6-4EF66C740425}
		{8AA13414-86E7-3FEF-B425-F95F34969FA1} = {8AA13414-86E7-3FEF-B425-F95F34969FA1}
		{930B4FF1-A8B3-3964-86DF-E312C29B16B8} = {930B4FF1-A8B3-3964-86DF-E312C29B16B8}
		{27F41F63-09C2-3F47-A0B1-4DBB6E41FA18} = {27F41F63-09C2-3F47-A0B1-4DBB6E41FA18}
		{ABC2A693-9F2B-3A5E-863B-8FBE846BFD30} = {ABC2A693-9F2B-3A5E-863B-8FBE846BFD30}
		{D5B835C8-C20E-316B-A36A-3F65752DB19F} = {D5B835C8-C20E-316B-A36A-3F65752DB19F}
		{E6BD08EC-2CB8-35D2-ADE9-7EB7206EF31B} = {E6BD08EC-2CB8-35D2-ADE9-7EB7206EF31B}
		{4D355CB4-EDAE-3EE2-84BB-9381F6BEBDDD} = {4D355CB4-EDAE-3EE2-84BB-9381F6BEBDDD}
		{E6D2E110-8442-3574-A5EB-E51B61ABB83C} = {E6D2E110-8442-3574-A5EB-E51B61ABB83C}
		{6C600F91-4483-3367-B092-1367A6BFF40C} = {6C600F91-4483-3367-B092-1367A6BFF40C}
		{4027FE77-F4D7-3032-B081-38DE39C4198E} = {4027FE77-F4D7-3032-B081-38DE39C4198E}
		{4C215D49-EF20-3B8C-A94A-E6C991932667} = {4C215D49-EF20-3B8C-A94A-E6C991932667}
		{131EEA39-311C-39A3-AD91-37369DFF6F2E} = {131EEA39-311C-39A3-AD91-37369DFF6F2E}
	EndProjectSection
EndProject
Project("{8BC9CEB8-8B4A-11D0-8D11-00A0C91BC942}") = "meta-corpus", "..\corpus\meta-corpus.vcxproj", "{A43887C3-7DB4-3D37-80F6-4EF66C740425}"
	ProjectSection(ProjectDependencies) = postProject
		{C290A582-B682-31C5-83CA-596347701D17} = {C290A582-B682-31C5-83CA-596347701D17}
		{ABC2A693-9F2B-3A5E-863B-8FBE846BFD30} = {ABC2A693-9F2B-3A5E-863B-8FBE846BFD30}
		{E6D2E110-8442-3574-A5EB-E51B61ABB83C} = {E6D2E110-8442-3574-A5EB-E51B61ABB83C}
		{4C215D49-EF20-3B8C-A94A-E6C991932667} = {4C215D49-EF20-3B8C-A94A-E6C991932667}
		{131EEA39-311C-39A3-AD91-37369DFF6F2E} = {131EEA39-311C-39A3-AD91-37369DFF6F2E}
	EndProjectSection
EndProject
Project("{8BC9CEB8-8B4A-11D0-8D11-00A0C91BC942}") = "meta-crf", "crf\meta-crf.vcxproj", "{EB55AE0D-E426-3B86-9762-ACC38E5583E1}"
	ProjectSection(ProjectDependencies) = postProject
		{C290A582-B682-31C5-83CA-596347701D17} = {C290A582-B682-31C5-83CA-596347701D17}
		{ABC2A693-9F2B-3A5E-863B-8FBE846BFD30} = {ABC2A693-9F2B-3A5E-863B-8FBE846BFD30}
		{E6D2E110-8442-3574-A5EB-E51B61ABB83C} = {E6D2E110-8442-3574-A5EB-E51B61ABB83C}
		{289FF76C-6323-3618-A824-607BA070BCFB} = {289FF76C-6323-3618-A824-607BA070BCFB}
		{4C215D49-EF20-3B8C-A94A-E6C991932667} = {4C215D49-EF20-3B8C-A94A-E6C991932667}
		{131EEA39-311C-39A3-AD91-37369DFF6F2E} = {131EEA39-311C-39A3-AD91-37369DFF6F2E}
	EndProjectSection
EndProject
Project("{8BC9CEB8-8B4A-11D0-8D11-00A0C91BC942}") = "meta-eval", "..\index\eval\meta-eval.vcxproj", "{8AA13414-86E7-3FEF-B425-F95F34969FA1}"
	ProjectSection(ProjectDependencies) = postProject
		{C290A582-B682-31C5-83CA-596347701D17} = {C290A582-B682-31C5-83CA-596347701D17}
	EndProjectSection
EndProject
Project("{8BC9CEB8-8B4A-11D0-8D11-00A0C91BC942}") = "meta-filters", "..\analyzers\filters\meta-filters.vcxproj", "{930B4FF1-A8B3-3964-86DF-E312C29B16B8}"
	ProjectSection(ProjectDependencies) = postProject
		{C290A582-B682-31C5-83CA-596347701D17} = {C290A582-B682-31C5-83CA-596347701D17}
		{ABC2A693-9F2B-3A5E-863B-8FBE846BFD30} = {ABC2A693-9F2B-3A5E-863B-8FBE846BFD30}
		{E6D2E110-8442-3574-A5EB-E51B61ABB83C} = {E6D2E110-8442-3574-A5EB-E51B61ABB83C}
		{4027FE77-F4D7-3032-B081-38DE39C4198E} = {4027FE77-F4D7-3032-B081-38DE39C4198E}
		{4C215D49-EF20-3B8C-A94A-E6C991932667} = {4C215D49-EF20-3B8C-A94A-E6C991932667}
		{131EEA39-311C-39A3-AD91-37369DFF6F2E} = {131EEA39-311C-39A3-AD91-37369DFF6F2E}
	EndProjectSection
EndProject
Project("{8BC9CEB8-8B4A-11D0-8D11-00A0C91BC942}") = "meta-greedy-tagger", "meta-greedy-tagger.vcxproj", "{1AADB125-3E4D-3E45-A489-2C1EA0B36363}"
	ProjectSection(ProjectDependencies) = postProject
		{C290A582-B682-31C5-83CA-596347701D17} = {C290A582-B682-31C5-83CA-596347701D17}
		{ABC2A693-9F2B-3A5E-863B-8FBE846BFD30} = {ABC2A693-9F2B-3A5E-863B-8FBE846BFD30}
		{E6D2E110-8442-3574-A5EB-E51B61ABB83C} = {E6D2E110-8442-3574-A5EB-E51B61ABB83C}
		{289FF76C-6323-3618-A824-607BA070BCFB} = {289FF76C-6323-3618-A824-607BA070BCFB}
		{4C215D49-EF20-3B8C-A94A-E6C991932667} = {4C215D49-EF20-3B8C-A94A-E6C991932667}
		{131EEA39-311C-39A3-AD91-37369DFF6F2E} = {131EEA39-311C-39A3-AD91-37369DFF6F2E}
	EndProjectSection
EndProject
Project("{8BC9CEB8-8B4A-11D0-8D11-00A0C91BC942}") = "meta-hmm", "hmm\meta-hmm.vcxproj", "{5C6D48F6-F499-3936-8FA6-AEC6903F60B4}"
	ProjectSection(ProjectDependencies) = postProject
		{C290A582-B682-31C5-83CA-596347701D17} = {C290A582-B682-31C5-83CA-596347701D17}
		{ABC2A693-9F2B-3A5E-863B-8FBE846BFD30} = {ABC2A693-9F2B-3A5E-863B-8FBE846BFD30}
		{E6D2E110-8442-3574-A5EB-E51B61ABB83C} = {E6D2E110-8442-3574-A5EB-E51B61ABB83C}
		{289FF76C-6323-3618-A824-607BA070BCFB} = {289FF76C-6323-3618-A824-607BA070BCFB}
		{4C215D49-EF20-3B8C-A94A-E6C991932667} = {4C215D49-EF20-3B8C-A94A-E6C991932667}
		{131EEA39-311C-39A3-AD91-37369DFF6F2E} = {131EEA39-311C-39A3-AD91-37369DFF6F2E}
	EndProjectSection
EndProject
Project("{8BC9CEB8-8B4A-11D0-8D11-00A0C91BC942}") = "meta-index", "..\index\meta-index.vcxproj", "{27F41F63-09C2-3F47-A0B1-4DBB6E41FA18}"
	ProjectSection(ProjectDependencies) = postProject
		{C290A582-B682-31C5-83CA-596347701D17} = {C290A582-B682-31C5-83CA-596347701D17}
		{87ED0C5E-434A-3C25-AA9F-F2DF4F3B1FDD} = {87ED0C5E-434A-3C25-AA9F-F2DF4F3B1FDD}
		{A43887C3-7DB4-3D37-80F6-4EF66C740425} = {A43887C3-7DB4-3D37-80F6-4EF66C740425}
		{8AA13414-86E7-3FEF-B425-F95F34969FA1} = {8AA13414-86E7-3FEF-B425-F95F34969FA1}
		{930B4FF1-A8B3-3964-86DF-E312C29B16B8} = {930B4FF1-A8B3-3964-86DF-E312C29B16B8}
		{ABC2A693-9F2B-3A5E-863B-8FBE846BFD30} = {ABC2A693-9F2B-3A5E-863B-8FBE846BFD30}
		{E6D2E110-8442-3574-A5EB-E51B61ABB83C} = {E6D2E110-8442-3574-A5EB-E51B61ABB83C}
		{4027FE77-F4D7-3032-B081-38DE39C4198E} = {4027FE77-F4D7-3032-B081-38DE39C4198E}
		{4C215D49-EF20-3B8C-A94A-E6C991932667} = {4C215D49-EF20-3B8C-A94A-E6C991932667}
		{131EEA39-311C-39A3-AD91-37369DFF6F2E} = {131EEA39-311C-39A3-AD91-37369DFF6F2E}
	EndProjectSection
EndProject
Project("{8BC9CEB8-8B4A-11D0-8D11-00A0C91BC942}") = "meta-io", "..\io\meta-io.vcxproj", "{ABC2A693-9F2B-3A5E-863B-8FBE846BFD30}"
	ProjectSection(ProjectDependencies) = postProject
		{C290A582-B682-31C5-83CA-596347701D17} = {C290A582-B682-31C5-83CA-596347701D17}
		{E6D2E110-8442-3574-A5EB-E51B61ABB83C} = {E6D2E110-8442-3574-A5EB-E51B61ABB83C}
		{131EEA39-311C-39A3-AD91-37369DFF6F2E} = {131EEA39-311C-39A3-AD91-37369DFF6F2E}
	EndProjectSection
EndProject
Project("{8BC9CEB8-8B4A-11D0-8D11-00A0C91BC942}") = "meta-kernel", "..\classify\kernel\meta-kernel.vcxproj", "{D5B835C8-C20E-316B-A36A-3F65752DB19F}"
	ProjectSection(ProjectDependencies) = postProject
		{C290A582-B682-31C5-83CA-596347701D17} = {C290A582-B682-31C5-83CA-596347701D17}
	EndProjectSection
EndProject
Project("{8BC9CEB8-8B4A-11D0-8D11-00A0C91BC942}") = "meta-learn", "..\learn\meta-learn.vcxproj", "{E6BD08EC-2CB8-35D2-ADE9-7EB7206EF31B}"
	ProjectSection(ProjectDependencies) = postProject
		{C290A582-B682-31C5-83CA-596347701D17} = {C290A582-B682-31C5-83CA-596347701D17}
		{ABC2A693-9F2B-3A5E-863B-8FBE846BFD30} = {ABC2A693-9F2B-3A5E-863B-8FBE846BFD30}
		{4D355CB4-EDAE-3EE2-84BB-9381F6BEBDDD} = {4D355CB4-EDAE-3EE2-84BB-9381F6BEBDDD}
		{E6D2E110-8442-3574-A5EB-E51B61ABB83C} = {E6D2E110-8442-3574-A5EB-E51B61ABB83C}
		{131EEA39-311C-39A3-AD91-37369DFF6F2E} = {131EEA39-311C-39A3-AD91-37369DFF6F2E}
	EndProjectSection
EndProject
Project("{8BC9CEB8-8B4A-11D0-8D11-00A0C91BC942}") = "meta-loss", "..\learn\loss\meta-loss.vcxproj", "{4D355CB4-EDAE-3EE2-84BB-9381F6BEBDDD}"
	ProjectSection(ProjectDependencies) = postProject
		{C290A582-B682-31C5-83CA-596347701D17} = {C290A582-B682-31C5-83CA-596347701D17}
	EndProjectSection
EndProject
Project("{8BC9CEB8-8B4A-11D0-8D11-00A0C91BC942}") = "meta-mman-win32", "..\io\mman-win32\meta-mman-win32.vcxproj", "{E6D2E110-8442-3574-A5EB-E51B61ABB83C}"
	ProjectSection(ProjectDependencies) = postProject
		{C290A582-B682-31C5-83CA-596347701D17} = {C290A582-B682-31C5-83CA-596347701D17}
	EndProjectSection
EndProject
Project("{8BC9CEB8-8B4A-11D0-8D11-00A0C91BC942}") = "meta-ranker", "..\index\ranker\meta-ranker.vcxproj", "{6C600F91-4483-3367-B092-1367A6BFF40C}"
	ProjectSection(ProjectDependencies) = postProject
		{C290A582-B682-31C5-83CA-596347701D17} = {C290A582-B682-31C5-83CA-596347701D17}
		{87ED0C5E-434A-3C25-AA9F-F2DF4F3B1FDD} = {87ED0C5E-434A-3C25-AA9F-F2DF4F3B1FDD}
		{A43887C3-7DB4-3D37-80F6-4EF66C740425} = {A43887C3-7DB4-3D37-80F6-4EF66C740425}
		{8AA13414-86E7-3FEF-B425-F95F34969FA1} = {8AA13414-86E7-3FEF-B425-F95F34969FA1}
		{930B4FF1-A8B3-3964-86DF-E312C29B16B8} = {930B4FF1-A8B3-3964-86DF-E312C29B16B8}
		{27F41F63-09C2-3F47-A0B1-4DBB6E41FA18} = {27F41F63-09C2-3F47-A0B1-4DBB6E41FA18}
		{ABC2A693-9F2B-3A5E-863B-8FBE846BFD30} = {ABC2A693-9F2B-3A5E-863B-8FBE846BFD30}
		{E6D2E110-8442-3574-A5EB-E51B61ABB83C} = {E6D2E110-8442-3574-A5EB-E51B61ABB83C}
		{4027FE77-F4D7-3032-B081-38DE39C4198E} = {4027FE77-F4D7-3032-B081-38DE39C4198E}
		{4C215D49-EF20-3B8C-A94A-E6C991932667} = {4C215D49-EF20-3B8C-A94A-E6C991932667}
		{131EEA39-311C-39A3-AD91-37369DFF6F2E} = {131EEA39-311C-39A3-AD91-37369DFF6F2E}
	EndProjectSection
EndProject
Project("{8BC9CEB8-8B4A-11D0-8D11-00A0C91BC942}") = "meta-sequence", "meta-sequence.vcxproj", "{289FF76C-6323-3618-A824-607BA070BCFB}"
	ProjectSection(ProjectDependencies) = postProject
		{C290A582-B682-31C5-83CA-596347701D17} = {C290A582-B682-31C5-83CA-596347701D17}
		{ABC2A693-9F2B-3A5E-863B-8FBE846BFD30} = {ABC2A693-9F2B-3A5E-863B-8FBE846BFD30}
		{E6D2E110-8442-3574-A5EB-E51B61ABB83C} = {E6D2E110-8442-3574-A5EB-E51B61ABB83C}
		{4C215D49-EF20-3B8C-A94A-E6C991932667} = {4C215D49-EF20-3B8C-A94A-E6C991932667}
		{131EEA39-311C-39A3-AD91-37369DFF6F2E} = {131EEA39-311C-39A3-AD91-37369DFF6F2E}
	EndProjectSection
EndProject
Project("{8BC9CEB8-8B4A-11D0-8D11-00A0C91BC942}") = "meta-sequence-analyzers", "analyzers\meta-sequence-analyzers.vcxproj", "{8ABBDD22-9278-3E77-85E2-C8DCD960452A}"
	ProjectSection(ProjectDependencies) = postProject
		{C290A582-B682-31C5-83CA-596347701D17} = {C290A582-B682-31C5-83CA-596347701D17}
		{87ED0C5E-434A-3C25-AA9F-F2DF4F3B1FDD} = {87ED0C5E-434A-3C25-AA9F-F2DF4F3B1FDD}
		{A43887C3-7DB4-3D37-80F6-4EF66C740425} = {A43887C3-7DB4-3D37-80F6-4EF66C740425}
		{EB55AE0D-E426-3B86-9762-ACC38E5583E1} = {EB55AE0D-E426-3B86-9762-ACC38E5583E1}
		{930B4FF1-A8B3-3964-86DF-E312C29B16B8} = {930B4FF1-A8B3-3964-86DF-E312C29B16B8}
		{ABC2A693-9F2B-3A5E-863B-8FBE846BFD30} = {ABC2A693-9F2B-3A5E-863B-8FBE846BFD30}
		{E6D2E110-8442-3574-A5EB-E51B61ABB83C} = {E6D2E110-8442-3574-A5EB-E51B61ABB83C}
		{289FF76C-6323-3618-A824-607BA070BCFB} = {289FF76C-6323-3618-A824-607BA070BCFB}
		{4027FE77-F4D7-3032-B081-38DE39C4198E} = {4027FE77-F4D7-3032-B081-38DE39C4198E}
		{4C215D49-EF20-3B8C-A94A-E6C991932667} = {4C215D49-EF20-3B8C-A94A-E6C991932667}
		{131EEA39-311C-39A3-AD91-37369DFF6F2E} = {131EEA39-311C-39A3-AD91-37369DFF6F2E}
	EndProjectSection
EndProject
Project("{8BC9CEB8-8B4A-11D0-8D11-00A0C91BC942}") = "meta-tokenizers", "..\analyzers\tokenizers\meta-tokenizers.vcxproj", "{4027FE77-F4D7-3032-B081-38DE39C4198E}"
	ProjectSection(ProjectDependencies) = postProject
		{C290A582-B682-31C5-83CA-596347701D17} = {C290A582-B682-31C5-83CA-596347701D17}
		{4C215D49-EF20-3B8C-A94A-E6C991932667} = {4C215D49-EF20-3B8C-A94A-E6C991932667}
	EndProjectSection
EndProject
Project("{8BC9CEB8-8B4A-11D0-8D11-00A0C91BC942}") = "meta-utf", "..\utf\meta-utf.vcxproj", "{4C215D49-EF20-3B8C-A94A-E6C991932667}"
	ProjectSection(ProjectDependencies) = postProject
		{C290A582-B682-31C5-83CA-596347701D17} = {C290A582-B682-31C5-83CA-596347701D17}
	EndProjectSection
EndProject
Project("{8BC9CEB8-8B4A-11D0-8D11-00A0C91BC942}") = "meta-util", "..\util\meta-util.vcxproj", "{131EEA39-311C-39A3-AD91-37369DFF6F2E}"
	ProjectSection(ProjectDependencies) = postProject
		{C290A582-B682-31C5-83CA-596347701D17} = {C290A582-B682-31C5-83CA-596347701D17}
	EndProjectSection
EndProject
Project("{8BC9CEB8-8B4A-11D0-8D11-00A0C91BC942}") = "pos-tag", "crf\tools\pos-tag.vcxproj", "{BFC9C054-D665-3275-91F3-74CF8B414786}"
	ProjectSection(ProjectDependencies) = postProject
		{C290A582-B682-31C5-83CA-596347701D17} = {C290A582-B682-31C5-83CA-596347701D17}
		{EB55AE0D-E426-3B86-9762-ACC38E5583E1} = {EB55AE0D-E426-3B86-9762-ACC38E5583E1}
		{ABC2A693-9F2B-3A5E-863B-8FBE846BFD30} = {ABC2A693-9F2B-3A5E-863B-8FBE846BFD30}
		{E6D2E110-8442-3574-A5EB-E51B61ABB83C} = {E6D2E110-8442-3574-A5EB-E51B61ABB83C}
		{289FF76C-6323-3618-A824-607BA070BCFB} = {289FF76C-6323-3618-A824-607BA070BCFB}
		{4027FE77-F4D7-3032-B081-38DE39C4198E} = {4027FE77-F4D7-3032-B081-38DE39C4198E}
		{4C215D49-EF20-3B8C-A94A-E6C991932667} = {4C215D49-EF20-3B8C-A94A-E6C991932667}
		{131EEA39-311C-39A3-AD91-37369DFF6F2E} = {131EEA39-311C-39A3-AD91-37369DFF6F2E}
	EndProjectSection
EndProject
Project("{8BC9CEB8-8B4A-11D0-8D11-00A0C91BC942}") = "pos-tokenizer", "crf\tools\pos-tokenizer.vcxproj", "{7A064617-D015-3B54-9A2D-98837688A680}"
	ProjectSection(ProjectDependencies) = postProject
		{C290A582-B682-31C5-83CA-596347701D17} = {C290A582-B682-31C5-83CA-596347701D17}
		{87ED0C5E-434A-3C25-AA9F-F2DF4F3B1FDD} = {87ED0C5E-434A-3C25-AA9F-F2DF4F3B1FDD}
		{A43887C3-7DB4-3D37-80F6-4EF66C740425} = {A43887C3-7DB4-3D37-80F6-4EF66C740425}
		{EB55AE0D-E426-3B86-9762-ACC38E5583E1} = {EB55AE0D-E426-3B86-9762-ACC38E5583E1}
		{930B4FF1-A8B3-3964-86DF-E312C29B16B8} = {930B4FF1-A8B3-3964-86DF-E312C29B16B8}
		{ABC2A693-9F2B-3A5E-863B-8FBE846BFD30} = {ABC2A693-9F2B-3A5E-863B-8FBE846BFD30}
		{E6D2E110-8442-3574-A5EB-E51B61ABB83C} = {E6D2E110-8442-3574-A5EB-E51B61ABB83C}
		{289FF76C-6323-3618-A824-607BA070BCFB} = {289FF76C-6323-3618-A824-607BA070BCFB}
		{4027FE77-F4D7-3032-B081-38DE39C4198E} = {4027FE77-F4D7-3032-B081-38DE39C4198E}
		{4C215D49-EF20-3B8C-A94A-E6C991932667} = {4C215D49-EF20-3B8C-A94A-E6C991932667}
		{131EEA39-311C-39A3-AD91-37369DFF6F2E} = {131EEA39-311C-39A3-AD91-37369DFF6F2E}
	EndProjectSection
EndProject
Global
	GlobalSection(SolutionConfigurationPlatforms) = preSolution
		Debug|Win32 = Debug|Win32
		Release|Win32 = Release|Win32
		MinSizeRel|Win32 = MinSizeRel|Win32
		RelWithDebInfo|Win32 = RelWithDebInfo|Win32
	EndGlobalSection
	GlobalSection(ProjectConfigurationPlatforms) = postSolution
		{50328EBB-47B4-3C5C-A628-1F5C2C59383A}.Debug|Win32.ActiveCfg = Debug|Win32
		{50328EBB-47B4-3C5C-A628-1F5C2C59383A}.Debug|Win32.Build.0 = Debug|Win32
		{50328EBB-47B4-3C5C-A628-1F5C2C59383A}.Release|Win32.ActiveCfg = Release|Win32
		{50328EBB-47B4-3C5C-A628-1F5C2C59383A}.Release|Win32.Build.0 = Release|Win32
		{50328EBB-47B4-3C5C-A628-1F5C2C59383A}.MinSizeRel|Win32.ActiveCfg = MinSizeRel|Win32
		{50328EBB-47B4-3C5C-A628-1F5C2C59383A}.MinSizeRel|Win32.Build.0 = MinSizeRel|Win32
		{50328EBB-47B4-3C5C-A628-1F5C2C59383A}.RelWithDebInfo|Win32.ActiveCfg = RelWithDebInfo|Win32
		{50328EBB-47B4-3C5C-A628-1F5C2C59383A}.RelWithDebInfo|Win32.Build.0 = RelWithDebInfo|Win32
		{BA64347F-FFC8-3D45-A872-374CA0DCB7D6}.Debug|Win32.ActiveCfg = Debug|Win32
		{BA64347F-FFC8-3D45-A872-374CA0DCB7D6}.Release|Win32.ActiveCfg = Release|Win32
		{BA64347F-FFC8-3D45-A872-374CA0DCB7D6}.MinSizeRel|Win32.ActiveCfg = MinSizeRel|Win32
		{BA64347F-FFC8-3D45-A872-374CA0DCB7D6}.RelWithDebInfo|Win32.ActiveCfg = RelWithDebInfo|Win32
		{C290A582-B682-31C5-83CA-596347701D17}.Debug|Win32.ActiveCfg = Debug|Win32
		{C290A582-B682-31C5-83CA-596347701D17}.Debug|Win32.Build.0 = Debug|Win32
		{C290A582-B682-31C5-83CA-596347701D17}.Release|Win32.ActiveCfg = Release|Win32
		{C290A582-B682-31C5-83CA-596347701D17}.Release|Win32.Build.0 = Release|Win32
		{C290A582-B682-31C5-83CA-596347701D17}.MinSizeRel|Win32.ActiveCfg = MinSizeRel|Win32
		{C290A582-B682-31C5-83CA-596347701D17}.MinSizeRel|Win32.Build.0 = MinSizeRel|Win32
		{C290A582-B682-31C5-83CA-596347701D17}.RelWithDebInfo|Win32.ActiveCfg = RelWithDebInfo|Win32
		{C290A582-B682-31C5-83CA-596347701D17}.RelWithDebInfo|Win32.Build.0 = RelWithDebInfo|Win32
		{7BBB76D3-21E9-3709-B4DA-20F8C6F0D546}.Debug|Win32.ActiveCfg = Debug|Win32
		{7BBB76D3-21E9-3709-B4DA-20F8C6F0D546}.Debug|Win32.Build.0 = Debug|Win32
		{7BBB76D3-21E9-3709-B4DA-20F8C6F0D546}.Release|Win32.ActiveCfg = Release|Win32
		{7BBB76D3-21E9-3709-B4DA-20F8C6F0D546}.Release|Win32.Build.0 = Release|Win32
		{7BBB76D3-21E9-3709-B4DA-20F8C6F0D546}.MinSizeRel|Win32.ActiveCfg = MinSizeRel|Win32
		{7BBB76D3-21E9-3709-B4DA-20F8C6F0D546}.MinSizeRel|Win32.Build.0 = MinSizeRel|Win32
		{7BBB76D3-21E9-3709-B4DA-20F8C6F0D546}.RelWithDebInfo|Win32.ActiveCfg = RelWithDebInfo|Win32
		{7BBB76D3-21E9-3709-B4DA-20F8C6F0D546}.RelWithDebInfo|Win32.Build.0 = RelWithDebInfo|Win32
		{24259F5C-84DD-348D-BFBF-EEFD0E721CF0}.Debug|Win32.ActiveCfg = Debug|Win32
		{24259F5C-84DD-348D-BFBF-EEFD0E721CF0}.Debug|Win32.Build.0 = Debug|Win32
		{24259F5C-84DD-348D-BFBF-EEFD0E721CF0}.Release|Win32.ActiveCfg = Release|Win32
		{24259F5C-84DD-348D-BFBF-EEFD0E721CF0}.Release|Win32.Build.0 = Release|Win32
		{24259F5C-84DD-348D-BFBF-EEFD0E721CF0}.MinSizeRel|Win32.ActiveCfg = MinSizeRel|Win32
		{24259F5C-84DD-348D-BFBF-EEFD0E721CF0}.MinSizeRel|Win32.Build.0 = MinSizeRel|Win32
		{24259F5C-84DD-348D-BFBF-EEFD0E721CF0}.RelWithDebInfo|Win32.ActiveCfg = RelWithDebInfo|Win32
		{24259F5C-84DD-348D-BFBF-EEFD0E721CF0}.RelWithDebInfo|Win32.Build.0 = RelWithDebInfo|Win32
		{E6448171-9B81-3E8B-92B7-0B558C4FAAEF}.Debug|Win32.ActiveCfg = Debug|Win32
		{E6448171-9B81-3E8B-92B7-0B558C4FAAEF}.Debug|Win32.Build.0 = Debug|Win32
		{E6448171-9B81-3E8B-92B7-0B558C4FAAEF}.Release|Win32.ActiveCfg = Release|Win32
		{E6448171-9B81-3E8B-92B7-0B558C4FAAEF}.Release|Win32.Build.0 = Release|Win32
		{E6448171-9B81-3E8B-92B7-0B558C4FAAEF}.MinSizeRel|Win32.ActiveCfg = MinSizeRel|Win32
		{E6448171-9B81-3E8B-92B7-0B558C4FAAEF}.MinSizeRel|Win32.Build.0 = MinSizeRel|Win32
		{E6448171-9B81-3E8B-92B7-0B558C4FAAEF}.RelWithDebInfo|Win32.ActiveCfg = RelWithDebInfo|Win32
		{E6448171-9B81-3E8B-92B7-0B558C4FAAEF}.RelWithDebInfo|Win32.Build.0 = RelWithDebInfo|Win32
		{74F85770-0F95-330A-B554-A4C89417C99E}.Debug|Win32.ActiveCfg = Debug|Win32
		{74F85770-0F95-330A-B554-A4C89417C99E}.Debug|Win32.Build.0 = Debug|Win32
		{74F85770-0F95-330A-B554-A4C89417C99E}.Release|Win32.ActiveCfg = Release|Win32
		{74F85770-0F95-330A-B554-A4C89417C99E}.Release|Win32.Build.0 = Release|Win32
		{74F85770-0F95-330A-B554-A4C89417C99E}.MinSizeRel|Win32.ActiveCfg = MinSizeRel|Win32
		{74F85770-0F95-330A-B554-A4C89417C99E}.MinSizeRel|Win32.Build.0 = MinSizeRel|Win32
		{74F85770-0F95-330A-B554-A4C89417C99E}.RelWithDebInfo|Win32.ActiveCfg = RelWithDebInfo|Win32
		{74F85770-0F95-330A-B554-A4C89417C99E}.RelWithDebInfo|Win32.Build.0 = RelWithDebInfo|Win32
		{3702500C-BB11-3509-A524-FC1DA2478794}.Debug|Win32.ActiveCfg = Debug|Win32
		{3702500C-BB11-3509-A524-FC1DA2478794}.Debug|Win32.Build.0 = Debug|Win32
		{3702500C-BB11-3509-A524-FC1DA2478794}.Release|Win32.ActiveCfg = Release|Win32
		{3702500C-BB11-3509-A524-FC1DA2478794}.Release|Win32.Build.0 = Release|Win32
		{3702500C-BB11-3509-A524-FC1DA2478794}.MinSizeRel|Win32.ActiveCfg = MinSizeRel|Win32
		{3702500C-BB11-3509-A524-FC1DA2478794}.MinSizeRel|Win32.Build.0 = MinSizeRel|Win32
		{3702500C-BB11-3509-A524-FC1DA2478794}.RelWithDebInfo|Win32.ActiveCfg = RelWithDebInfo|Win32
		{3702500C-BB11-3509-A524-FC1DA2478794}.RelWithDebInfo|Win32.Build.0 = RelWithDebInfo|Win32
		{242CE2E2-4EBF-3070-B9BB-820E660055BA}.Debug|Win32.ActiveCfg = Debug|Win32
		{242CE2E2-4EBF-3070-B9BB-820E660055BA}.Debug|Win32.Build.0 = Debug|Win32
		{242CE2E2-4EBF-3070-B9BB-820E660055BA}.Release|Win32.ActiveCfg = Release|Win32
		{242CE2E2-4EBF-3070-B9BB-820E660055BA}.Release|Win32.Build.0 = Release|Win32
		{242CE2E2-4EBF-3070-B9BB-820E660055BA}.MinSizeRel|Win32.ActiveCfg = MinSizeRel|Win32
		{242CE2E2-4EBF-3070-B9BB-820E660055BA}.MinSizeRel|Win32.Build.0 = MinSizeRel|Win32
		{242CE2E2-4EBF-3070-B9BB-820E660055BA}.RelWithDebInfo|Win32.ActiveCfg = RelWithDebInfo|Win32
		{242CE2E2-4EBF-3070-B9BB-820E660055BA}.RelWithDebInfo|Win32.Build.0 = RelWithDebInfo|Win32
		{77955822-2B47-3C31-8B22-33D9758B3B6F}.Debug|Win32.ActiveCfg = Debug|Win32
		{77955822-2B47-3C31-8B22-33D9758B3B6F}.Debug|Win32.Build.0 = Debug|Win32
		{77955822-2B47-3C31-8B22-33D9758B3B6F}.Release|Win32.ActiveCfg = Release|Win32
		{77955822-2B47-3C31-8B22-33D9758B3B6F}.Release|Win32.Build.0 = Release|Win32
		{77955822-2B47-3C31-8B22-33D9758B3B6F}.MinSizeRel|Win32.ActiveCfg = MinSizeRel|Win32
		{77955822-2B47-3C31-8B22-33D9758B3B6F}.MinSizeRel|Win32.Build.0 = MinSizeRel|Win32
		{77955822-2B47-3C31-8B22-33D9758B3B6F}.RelWithDebInfo|Win32.ActiveCfg = RelWithDebInfo|Win32
		{77955822-2B47-3C31-8B22-33D9758B3B6F}.RelWithDebInfo|Win32.Build.0 = RelWithDebInfo|Win32
		{87ED0C5E-434A-3C25-AA9F-F2DF4F3B1FDD}.Debug|Win32.ActiveCfg = Debug|Win32
		{87ED0C5E-434A-3C25-AA9F-F2DF4F3B1FDD}.Debug|Win32.Build.0 = Debug|Win32
		{87ED0C5E-434A-3C25-AA9F-F2DF4F3B1FDD}.Release|Win32.ActiveCfg = Release|Win32
		{87ED0C5E-434A-3C25-AA9F-F2DF4F3B1FDD}.Release|Win32.Build.0 = Release|Win32
		{87ED0C5E-434A-3C25-AA9F-F2DF4F3B1FDD}.MinSizeRel|Win32.ActiveCfg = MinSizeRel|Win32
		{87ED0C5E-434A-3C25-AA9F-F2DF4F3B1FDD}.MinSizeRel|Win32.Build.0 = MinSizeRel|Win32
		{87ED0C5E-434A-3C25-AA9F-F2DF4F3B1FDD}.RelWithDebInfo|Win32.ActiveCfg = RelWithDebInfo|Win32
		{87ED0C5E-434A-3C25-AA9F-F2DF4F3B1FDD}.RelWithDebInfo|Win32.Build.0 = RelWithDebInfo|Win32
		{CA680194-CE3A-3723-BD09-6FC746763683}.Debug|Win32.ActiveCfg = Debug|Win32
		{CA680194-CE3A-3723-BD09-6FC746763683}.Debug|Win32.Build.0 = Debug|Win32
		{CA680194-CE3A-3723-BD09-6FC746763683}.Release|Win32.ActiveCfg = Release|Win32
		{CA680194-CE3A-3723-BD09-6FC746763683}.Release|Win32.Build.0 = Release|Win32
		{CA680194-CE3A-3723-BD09-6FC746763683}.MinSizeRel|Win32.ActiveCfg = MinSizeRel|Win32
		{CA680194-CE3A-3723-BD09-6FC746763683}.MinSizeRel|Win32.Build.0 = MinSizeRel|Win32
		{CA680194-CE3A-3723-BD09-6FC746763683}.RelWithDebInfo|Win32.ActiveCfg = RelWithDebInfo|Win32
		{CA680194-CE3A-3723-BD09-6FC746763683}.RelWithDebInfo|Win32.Build.0 = RelWithDebInfo|Win32
		{A43887C3-7DB4-3D37-80F6-4EF66C740425}.Debug|Win32.ActiveCfg = Debug|Win32
		{A43887C3-7DB4-3D37-80F6-4EF66C740425}.Debug|Win32.Build.0 = Debug|Win32
		{A43887C3-7DB4-3D37-80F6-4EF66C740425}.Release|Win32.ActiveCfg = Release|Win32
		{A43887C3-7DB4-3D37-80F6-4EF66C740425}.Release|Win32.Build.0 = Release|Win32
		{A43887C3-7DB4-3D37-80F6-4EF66C740425}.MinSizeRel|Win32.ActiveCfg = MinSizeRel|Win32
		{A43887C3-7DB4-3D37-80F6-4EF66C740425}.MinSizeRel|Win32.Build.0 = MinSizeRel|Win32
		{A43887C3-7DB4-3D37-80F6-4EF66C740425}.RelWithDebInfo|Win32.ActiveCfg = RelWithDebInfo|Win32
		{A43887C3-7DB4-3D37-80F6-4EF66C740425}.RelWithDebInfo|Win32.Build.0 = RelWithDebInfo|Win32
		{EB55AE0D-E426-3B86-9762-ACC38E5583E1}.Debug|Win32.ActiveCfg = Debug|Win32
		{EB55AE0D-E426-3B86-9762-ACC38E5583E1}.Debug|Win32.Build.0 = Debug|Win32
		{EB55AE0D-E426-3B86-9762-ACC38E5583E1}.Release|Win32.ActiveCfg = Release|Win32
		{EB55AE0D-E426-3B86-9762-ACC38E5583E1}.Release|Win32.Build.0 = Release|Win32
		{EB55AE0D-E426-3B86-9762-ACC38E5583E1}.MinSizeRel|Win32.ActiveCfg = MinSizeRel|Win32
		{EB55AE0D-E426-3B86-9762-ACC38E5583E1}.MinSizeRel|Win32.Build.0 = MinSizeRel|Win32
		{EB55AE0D-E426-3B86-9762-ACC38E5583E1}.RelWithDebInfo|Win32.ActiveCfg = RelWithDebInfo|Win32
		{EB55AE0D-E426-3B86-9762-ACC38E5583E1}.RelWithDebInfo|Win32.Build.0 = RelWithDebInfo|Win32
		{8AA13414-86E7-3FEF-B425-F95F34969FA1}.Debug|Win32.ActiveCfg = Debug|Win32
		{8AA13414-86E7-3FEF-B425-F95F34969FA1}.Debug|Win32.Build.0 = Debug|Win32
		{8AA13414-86E7-3FEF-B425-F95F34969FA1}.Release|Win32.ActiveCfg = Release|Win32
		{8AA13414-86E7-3FEF-B425-F95F34969FA1}.Release|Win32.Build.0 = Release|Win32
		{8AA13414-86E7-3FEF-B425-F95F34969FA1}.MinSizeRel|Win32.ActiveCfg = MinSizeRel|Win32
		{8AA13414-86E7-3FEF-B425-F95F34969FA1}.MinSizeRel|Win32.Build.0 = MinSizeRel|Win32
		{8AA13414-86E7-3FEF-B425-F95F34969FA1}.RelWithDebInfo|Win32.ActiveCfg = RelWithDebInfo|Win32
		{8AA13414-86E7-3FEF-B425-F95F34969FA1}.RelWithDebInfo|Win32.Build.0 = RelWithDebInfo|Win32
		{930B4FF1-A8B3-3964-86DF-E312C29B16B8}.Debug|Win32.ActiveCfg = Debug|Win32
		{930B4FF1-A8B3-3964-86DF-E312C29B16B8}.Debug|Win32.Build.0 = Debug|Win32
		{930B4FF1-A8B3-3964-86DF-E312C29B16B8}.Release|Win32.ActiveCfg = Release|Win32
		{930B4FF1-A8B3-3964-86DF-E312C29B16B8}.Release|Win32.Build.0 = Release|Win32
		{930B4FF1-A8B3-3964-86DF-E312C29B16B8}.MinSizeRel|Win32.ActiveCfg = MinSizeRel|Win32
		{930B4FF1-A8B3-3964-86DF-E312C29B16B8}.MinSizeRel|Win32.Build.0 = MinSizeRel|Win32
		{930B4FF1-A8B3-3964-86DF-E312C29B16B8}.RelWithDebInfo|Win32.ActiveCfg = RelWithDebInfo|Win32
		{930B4FF1-A8B3-3964-86DF-E312C29B16B8}.RelWithDebInfo|Win32.Build.0 = RelWithDebInfo|Win32
		{1AADB125-3E4D-3E45-A489-2C1EA0B36363}.Debug|Win32.ActiveCfg = Debug|Win32
		{1AADB125-3E4D-3E45-A489-2C1EA0B36363}.Debug|Win32.Build.0 = Debug|Win32
		{1AADB125-3E4D-3E45-A489-2C1EA0B36363}.Release|Win32.ActiveCfg = Release|Win32
		{1AADB125-3E4D-3E45-A489-2C1EA0B36363}.Release|Win32.Build.0 = Release|Win32
		{1AADB125-3E4D-3E45-A489-2C1EA0B36363}.MinSizeRel|Win32.ActiveCfg = MinSizeRel|Win32
		{1AADB125-3E4D-3E45-A489-2C1EA0B36363}.MinSizeRel|Win32.Build.0 = MinSizeRel|Win32
		{1AADB125-3E4D-3E45-A489-2C1EA0B36363}.RelWithDebInfo|Win32.ActiveCfg = RelWithDebInfo|Win32
		{1AADB125-3E4D-3E45-A489-2C1EA0B36363}.RelWithDebInfo|Win32.Build.0 = RelWithDebInfo|Win32
		{5C6D48F6-F499-3936-8FA6-AEC6903F60B4}.Debug|Win32.ActiveCfg = Debug|Win32
		{5C6D48F6-F499-3936-8FA6-AEC6903F60B4}.Debug|Win32.Build.0 = Debug|Win32
		{5C6D48F6-F499-3936-8FA6-AEC6903F60B4}.Release|Win32.ActiveCfg = Release|Win32
		{5C6D48F6-F499-3936-8FA6-AEC6903F60B4}.Release|Win32.Build.0 = Release|Win32
		{5C6D48F6-F499-3936-8FA6-AEC6903F60B4}.MinSizeRel|Win32.ActiveCfg = MinSizeRel|Win32
		{5C6D48F6-F499-3936-8FA6-AEC6903F60B4}.MinSizeRel|Win32.Build.0 = MinSizeRel|Win32
		{5C6D48F6-F499-3936-8FA6-AEC6903F60B4}.RelWithDebInfo|Win32.ActiveCfg = RelWithDebInfo|Win32
		{5C6D48F6-F499-3936-8FA6-AEC6903F60B4}.RelWithDebInfo|Win32.Build.0 = RelWithDebInfo|Win32
		{27F41F63-09C2-3F47-A0B1-4DBB6E41FA18}.Debug|Win32.ActiveCfg = Debug|Win32
		{27F41F63-09C2-3F47-A0B1-4DBB6E41FA18}.Debug|Win32.Build.0 = Debug|Win32
		{27F41F63-09C2-3F47-A0B1-4DBB6E41FA18}.Release|Win32.ActiveCfg = Release|Win32
		{27F41F63-09C2-3F47-A0B1-4DBB6E41FA18}.Release|Win32.Build.0 = Release|Win32
		{27F41F63-09C2-3F47-A0B1-4DBB6E41FA18}.MinSizeRel|Win32.ActiveCfg = MinSizeRel|Win32
		{27F41F63-09C2-3F47-A0B1-4DBB6E41FA18}.MinSizeRel|Win32.Build.0 = MinSizeRel|Win32
		{27F41F63-09C2-3F47-A0B1-4DBB6E41FA18}.RelWithDebInfo|Win32.ActiveCfg = RelWithDebInfo|Win32
		{27F41F63-09C2-3F47-A0B1-4DBB6E41FA18}.RelWithDebInfo|Win32.Build.0 = RelWithDebInfo|Win32
		{ABC2A693-9F2B-3A5E-863B-8FBE846BFD30}.Debug|Win32.ActiveCfg = Debug|Win32
		{ABC2A693-9F2B-3A5E-863B-8FBE846BFD30}.Debug|Win32.Build.0 = Debug|Win32
		{ABC2A693-9F2B-3A5E-863B-8FBE846BFD30}.Release|Win32.ActiveCfg = Release|Win32
		{ABC2A693-9F2B-3A5E-863B-8FBE846BFD30}.Release|Win32.Build.0 = Release|Win32
		{ABC2A693-9F2B-3A5E-863B-8FBE846BFD30}.MinSizeRel|Win32.ActiveCfg = MinSizeRel|Win32
		{ABC2A693-9F2B-3A5E-863B-8FBE846BFD30}.MinSizeRel|Win32.Build.0 = MinSizeRel|Win32
		{ABC2A693-9F2B-3A5E-863B-8FBE846BFD30}.RelWithDebInfo|Win32.ActiveCfg = RelWithDebInfo|Win32
		{ABC2A693-9F2B-3A5E-863B-8FBE846BFD30}.RelWithDebInfo|Win32.Build.0 = RelWithDebInfo|Win32
		{D5B835C8-C20E-316B-A36A-3F65752DB19F}.Debug|Win32.ActiveCfg = Debug|Win32
		{D5B835C8-C20E-316B-A36A-3F65752DB19F}.Debug|Win32.Build.0 = Debug|Win32
		{D5B835C8-C20E-316B-A36A-3F65752DB19F}.Release|Win32.ActiveCfg = Release|Win32
		{D5B835C8-C20E-316B-A36A-3F65752DB19F}.Release|Win32.Build.0 = Release|Win32
		{D5B835C8-C20E-316B-A36A-3F65752DB19F}.MinSizeRel|Win32.ActiveCfg = MinSizeRel|Win32
		{D5B835C8-C20E-316B-A36A-3F65752DB19F}.MinSizeRel|Win32.Build.0 = MinSizeRel|Win32
		{D5B835C8-C20E-316B-A36A-3F65752DB19F}.RelWithDebInfo|Win32.ActiveCfg = RelWithDebInfo|Win32
		{D5B835C8-C20E-316B-A36A-3F65752DB19F}.RelWithDebInfo|Win32.Build.0 = RelWithDebInfo|Win32
		{E6BD08EC-2CB8-35D2-ADE9-7EB7206EF31B}.Debug|Win32.ActiveCfg = Debug|Win32
		{E6BD08EC-2CB8-35D2-ADE9-7EB7206EF31B}.Debug|Win32.Build.0 = Debug|Win32
		{E6BD08EC-2CB8-35D2-ADE9-7EB7206EF31B}.Release|Win32.ActiveCfg = Release|Win32
		{E6BD08EC-2CB8-35D2-ADE9-7EB7206EF31B}.Release|Win32.Build.0 = Release|Win32
		{E6BD08EC-2CB8-35D2-ADE9-7EB7206EF31B}.MinSizeRel|Win32.ActiveCfg = MinSizeRel|Win32
		{E6BD08EC-2CB8-35D2-ADE9-7EB7206EF31B}.MinSizeRel|Win32.Build.0 = MinSizeRel|Win32
		{E6BD08EC-2CB8-35D2-ADE9-7EB7206EF31B}.RelWithDebInfo|Win32.ActiveCfg = RelWithDebInfo|Win32
		{E6BD08EC-2CB8-35D2-ADE9-7EB7206EF31B}.RelWithDebInfo|Win32.Build.0 = RelWithDebInfo|Win32
		{4D355CB4-EDAE-3EE2-84BB-9381F6BEBDDD}.Debug|Win32.ActiveCfg = Debug|Win32
		{4D355CB4-EDAE-3EE2-84BB-9381F6BEBDDD}.Debug|Win32.Build.0 = Debug|Win32
		{4D355CB4-EDAE-3EE2-84BB-9381F6BEBDDD}.Release|Win32.ActiveCfg = Release|Win32
		{4D355CB4-EDAE-3EE2-84BB-9381F6BEBDDD}.Release|Win32.Build.0 = Release|Win32
		{4D355CB4-EDAE-3EE2-84BB-9381F6BEBDDD}.MinSizeRel|Win32.ActiveCfg = MinSizeRel|Win32
		{4D355CB4-EDAE-3EE2-84BB-9381F6BEBDDD}.MinSizeRel|Win32.Build.0 = MinSizeRel|Win32
		{4D355CB4-EDAE-3EE2-84BB-9381F6BEBDDD}.RelWithDebInfo|Win32.ActiveCfg = RelWithDebInfo|Win32
		{4D355CB4-EDAE-3EE2-84BB-9381F6BEBDDD}.RelWithDebInfo|Win32.Build.0 = RelWithDebInfo|Win32
		{E6D2E110-8442-3574-A5EB-E51B61ABB83C}.Debug|Win32.ActiveCfg = Debug|Win32
		{E6D2E110-8442-3574-A5EB-E51B61ABB83C}.Debug|Win32.Build.0 = Debug|Win32
		{E6D2E110-8442-3574-A5EB-E51B61ABB83C}.Release|Win32.ActiveCfg = Release|Win32
		{E6D2E110-8442-3574-A5EB-E51B61ABB83C}.Release|Win32.Build.0 = Release|Win32
		{E6D2E110-8442-3574-A5EB-E51B61ABB83C}.MinSizeRel|Win32.ActiveCfg = MinSizeRel|Win32
		{E6D2E110-8442-3574-A5EB-E51B61ABB83C}.MinSizeRel|Win32.Build.0 = MinSizeRel|Win32
		{E6D2E110-8442-3574-A5EB-E51B61ABB83C}.RelWithDebInfo|Win32.ActiveCfg = RelWithDebInfo|Win32
		{E6D2E110-8442-3574-A5EB-E51B61ABB83C}.RelWithDebInfo|Win32.Build.0 = RelWithDebInfo|Win32
		{6C600F91-4483-3367-B092-1367A6BFF40C}.Debug|Win32.ActiveCfg = Debug|Win32
		{6C600F91-4483-3367-B092-1367A6BFF40C}.Debug|Win32.Build.0 = Debug|Win32
		{6C600F91-4483-3367-B092-1367A6BFF40C}.Release|Win32.ActiveCfg = Release|Win32
		{6C600F91-4483-3367-B092-1367A6BFF40C}.Release|Win32.Build.0 = Release|Win32
		{6C600F91-4483-3367-B092-1367A6BFF40C}.MinSizeRel|Win32.ActiveCfg = MinSizeRel|Win32
		{6C600F91-4483-3367-B092-1367A6BFF40C}.MinSizeRel|Win32.Build.0 = MinSizeRel|Win32
		{6C600F91-4483-3367-B092-1367A6BFF40C}.RelWithDebInfo|Win32.ActiveCfg = RelWithDebInfo|Win32
		{6C600F91-4483-3367-B092-1367A6BFF40C}.RelWithDebInfo|Win32.Build.0 = RelWithDebInfo|Win32
		{289FF76C-6323-3618-A824-607BA070BCFB}.Debug|Win32.ActiveCfg = Debug|Win32
		{289FF76C-6323-3618-A824-607BA070BCFB}.Debug|Win32.Build.0 = Debug|Win32
		{289FF76C-6323-3618-A824-607BA070BCFB}.Release|Win32.ActiveCfg = Release|Win32
		{289FF76C-6323-3618-A824-607BA070BCFB}.Release|Win32.Build.0 = Release|Win32
		{289FF76C-6323-3618-A824-607BA070BCFB}.MinSizeRel|Win32.ActiveCfg = MinSizeRel|Win32
		{289FF76C-6323-3618-A824-607BA070BCFB}.MinSizeRel|Win32.Build.0 = MinSizeRel|Win32
		{289FF76C-6323-3618-A824-607BA070BCFB}.RelWithDebInfo|Win32.ActiveCfg = RelWithDebInfo|Win32
		{289FF76C-6323-3618-A824-607BA070BCFB}.RelWithDebInfo|Win32.Build.0 = RelWithDebInfo|Win32
		{8ABBDD22-9278-3E77-85E2-C8DCD960452A}.Debug|Win32.ActiveCfg = Debug|Win32
		{8ABBDD22-9278-3E77-85E2-C8DCD960452A}.Debug|Win32.Build.0 = Debug|Win32
		{8ABBDD22-9278-3E77-85E2-C8DCD960452A}.Release|Win32.ActiveCfg = Release|Win32
		{8ABBDD22-9278-3E77-85E2-C8DCD960452A}.Release|Win32.Build.0 = Release|Win32
		{8ABBDD22-9278-3E77-85E2-C8DCD960452A}.MinSizeRel|Win32.ActiveCfg = MinSizeRel|Win32
		{8ABBDD22-9278-3E77-85E2-C8DCD960452A}.MinSizeRel|Win32.Build.0 = MinSizeRel|Win32
		{8ABBDD22-9278-3E77-85E2-C8DCD960452A}.RelWithDebInfo|Win32.ActiveCfg = RelWithDebInfo|Win32
		{8ABBDD22-9278-3E77-85E2-C8DCD960452A}.RelWithDebInfo|Win32.Build.0 = RelWithDebInfo|Win32
		{4027FE77-F4D7-3032-B081-38DE39C4198E}.Debug|Win32.ActiveCfg = Debug|Win32
		{4027FE77-F4D7-3032-B081-38DE39C4198E}.Debug|Win32.Build.0 = Debug|Win32
		{4027FE77-F4D7-3032-B081-38DE39C4198E}.Release|Win32.ActiveCfg = Release|Win32
		{4027FE77-F4D7-3032-B081-38DE39C4198E}.Release|Win32.Build.0 = Release|Win32
		{4027FE77-F4D7-3032-B081-38DE39C4198E}.MinSizeRel|Win32.ActiveCfg = MinSizeRel|Win32
		{4027FE77-F4D7-3032-B081-38DE39C4198E}.MinSizeRel|Win32.Build.0 = MinSizeRel|Win32
		{4027FE77-F4D7-3032-B081-38DE39C4198E}.RelWithDebInfo|Win32.ActiveCfg = RelWithDebInfo|Win32
		{4027FE77-F4D7-3032-B081-38DE39C4198E}.RelWithDebInfo|Win32.Build.0 = RelWithDebInfo|Win32
		{4C215D49-EF20-3B8C-A94A-E6C991932667}.Debug|Win32.ActiveCfg = Debug|Win32
		{4C215D49-EF20-3B8C-A94A-E6C991932667}.Debug|Win32.Build.0 = Debug|Win32
		{4C215D49-EF20-3B8C-A94A-E6C991932667}.Release|Win32.ActiveCfg = Release|Win32
		{4C215D49-EF20-3B8C-A94A-E6C991932667}.Release|Win32.Build.0 = Release|Win32
		{4C215D49-EF20-3B8C-A94A-E6C991932667}.MinSizeRel|Win32.ActiveCfg = MinSizeRel|Win32
		{4C215D49-EF20-3B8C-A94A-E6C991932667}.MinSizeRel|Win32.Build.0 = MinSizeRel|Win32
		{4C215D49-EF20-3B8C-A94A-E6C991932667}.RelWithDebInfo|Win32.ActiveCfg = RelWithDebInfo|Win32
		{4C215D49-EF20-3B8C-A94A-E6C991932667}.RelWithDebInfo|Win32.Build.0 = RelWithDebInfo|Win32
		{131EEA39-311C-39A3-AD91-37369DFF6F2E}.Debug|Win32.ActiveCfg = Debug|Win32
		{131EEA39-311C-39A3-AD91-37369DFF6F2E}.Debug|Win32.Build.0 = Debug|Win32
		{131EEA39-311C-39A3-AD91-37369DFF6F2E}.Release|Win32.ActiveCfg = Release|Win32
		{131EEA39-311C-39A3-AD91-37369DFF6F2E}.Release|Win32.Build.0 = Release|Win32
		{131EEA39-311C-39A3-AD91-37369DFF6F2E}.MinSizeRel|Win32.ActiveCfg = MinSizeRel|Win32
		{131EEA39-311C-39A3-AD91-37369DFF6F2E}.MinSizeRel|Win32.Build.0 = MinSizeRel|Win32
		{131EEA39-311C-39A3-AD91-37369DFF6F2E}.RelWithDebInfo|Win32.ActiveCfg = RelWithDebInfo|Win32
		{131EEA39-311C-39A3-AD91-37369DFF6F2E}.RelWithDebInfo|Win32.Build.0 = RelWithDebInfo|Win32
		{BFC9C054-D665-3275-91F3-74CF8B414786}.Debug|Win32.ActiveCfg = Debug|Win32
		{BFC9C054-D665-3275-91F3-74CF8B414786}.Debug|Win32.Build.0 = Debug|Win32
		{BFC9C054-D665-3275-91F3-74CF8B414786}.Release|Win32.ActiveCfg = Release|Win32
		{BFC9C054-D665-3275-91F3-74CF8B414786}.Release|Win32.Build.0 = Release|Win32
		{BFC9C054-D665-3275-91F3-74CF8B414786}.MinSizeRel|Win32.ActiveCfg = MinSizeRel|Win32
		{BFC9C054-D665-3275-91F3-74CF8B414786}.MinSizeRel|Win32.Build.0 = MinSizeRel|Win32
		{BFC9C054-D665-3275-91F3-74CF8B414786}.RelWithDebInfo|Win32.ActiveCfg = RelWithDebInfo|Win32
		{BFC9C054-D665-3275-91F3-74CF8B414786}.RelWithDebInfo|Win32.Build.0 = RelWithDebInfo|Win32
		{7A064617-D015-3B54-9A2D-98837688A680}.Debug|Win32.ActiveCfg = Debug|Win32
		{7A064617-D015-3B54-9A2D-98837688A680}.Debug|Win32.Build.0 = Debug|Win32
		{7A064617-D015-3B54-9A2D-98837688A680}.Release|Win32.ActiveCfg = Release|Win32
		{7A064617-D015-3B54-9A2D-98837688A680}.Release|Win32.Build.0 = Release|Win32
		{7A064617-D015-3B54-9A2D-98837688A680}.MinSizeRel|Win32.ActiveCfg = MinSizeRel|Win32
		{7A064617-D015-3B54-9A2D-98837688A680}.MinSizeRel|Win32.Build.0 = MinSizeRel|Win32
		{7A064617-D015-3B54-9A2D-98837688A680}.RelWithDebInfo|Win32.ActiveCfg = RelWithDebInfo|Win32
		{7A064617-D015-3B54-9A2D-98837688A680}.RelWithDebInfo|Win32.Build.0 = RelWithDebInfo|Win32
	EndGlobalSection
	GlobalSection(ExtensibilityGlobals) = postSolution
		SolutionGuid = {5226B5A6-9457-3F90-8B52-3365CCB73FE7}
	EndGlobalSection
	GlobalSection(ExtensibilityAddIns) = postSolution
	EndGlobalSection
EndGlobal
